// !$*UTF8*$!
{
	archiveVersion = 1;
	classes = {
	};
	objectVersion = 46;
	objects = {

/* Begin PBXBuildFile section */
		2049DEEBD4874426E8365CBD /* Pods_CryptoTracker.framework in Frameworks */ = {isa = PBXBuildFile; fileRef = 339AE9C7E58F7F8FCEEF3F37 /* Pods_CryptoTracker.framework */; };
		27734612B5AE337D2D2604F7 /* Pods_CryptoTrackerUITests.framework in Frameworks */ = {isa = PBXBuildFile; fileRef = F773CDE7038C1272430352C4 /* Pods_CryptoTrackerUITests.framework */; };
		6D0ED8C31F4CE0A700D5146D /* AppDelegate.swift in Sources */ = {isa = PBXBuildFile; fileRef = 6D0ED8C21F4CE0A700D5146D /* AppDelegate.swift */; };
		6D0ED8C51F4CE0A700D5146D /* ViewController.swift in Sources */ = {isa = PBXBuildFile; fileRef = 6D0ED8C41F4CE0A700D5146D /* ViewController.swift */; };
		6D0ED8C81F4CE0A700D5146D /* Main.storyboard in Resources */ = {isa = PBXBuildFile; fileRef = 6D0ED8C61F4CE0A700D5146D /* Main.storyboard */; };
		6D0ED8CA1F4CE0A700D5146D /* Assets.xcassets in Resources */ = {isa = PBXBuildFile; fileRef = 6D0ED8C91F4CE0A700D5146D /* Assets.xcassets */; };
		6D0ED8CD1F4CE0A700D5146D /* LaunchScreen.storyboard in Resources */ = {isa = PBXBuildFile; fileRef = 6D0ED8CB1F4CE0A700D5146D /* LaunchScreen.storyboard */; };
		6D0ED8D81F4CE0A700D5146D /* CryptoTrackerTests.swift in Sources */ = {isa = PBXBuildFile; fileRef = 6D0ED8D71F4CE0A700D5146D /* CryptoTrackerTests.swift */; };
		6D0ED8E31F4CE0A700D5146D /* CryptoTrackerUITests.swift in Sources */ = {isa = PBXBuildFile; fileRef = 6D0ED8E21F4CE0A700D5146D /* CryptoTrackerUITests.swift */; };
		6D0ED8FB1F4DF94700D5146D /* ListCoinsInteractor.swift in Sources */ = {isa = PBXBuildFile; fileRef = 6D0ED8F51F4DF94700D5146D /* ListCoinsInteractor.swift */; };
		6D0ED8FC1F4DF94700D5146D /* ListCoinsModels.swift in Sources */ = {isa = PBXBuildFile; fileRef = 6D0ED8F61F4DF94700D5146D /* ListCoinsModels.swift */; };
		6D0ED8FD1F4DF94700D5146D /* ListCoinsPresenter.swift in Sources */ = {isa = PBXBuildFile; fileRef = 6D0ED8F71F4DF94700D5146D /* ListCoinsPresenter.swift */; };
		6D0ED8FE1F4DF94700D5146D /* ListCoinsRouter.swift in Sources */ = {isa = PBXBuildFile; fileRef = 6D0ED8F81F4DF94700D5146D /* ListCoinsRouter.swift */; };
		6D0ED8FF1F4DF94700D5146D /* ListCoinsViewController.swift in Sources */ = {isa = PBXBuildFile; fileRef = 6D0ED8F91F4DF94700D5146D /* ListCoinsViewController.swift */; };
		6D0ED9001F4DF94700D5146D /* ListCoinsWorker.swift in Sources */ = {isa = PBXBuildFile; fileRef = 6D0ED8FA1F4DF94700D5146D /* ListCoinsWorker.swift */; };
		6D0ED9031F4E058600D5146D /* CoinTableViewCell.swift in Sources */ = {isa = PBXBuildFile; fileRef = 6D0ED9011F4E058600D5146D /* CoinTableViewCell.swift */; };
		6D0ED9041F4E058600D5146D /* CoinTableViewCell.xib in Resources */ = {isa = PBXBuildFile; fileRef = 6D0ED9021F4E058600D5146D /* CoinTableViewCell.xib */; };
		6D0ED9071F4E3EF800D5146D /* CoinMarketCapAPI.swift in Sources */ = {isa = PBXBuildFile; fileRef = 6D0ED9061F4E3EF800D5146D /* CoinMarketCapAPI.swift */; };
		6D0ED9091F4E3F0A00D5146D /* MarketWorker.swift in Sources */ = {isa = PBXBuildFile; fileRef = 6D0ED9081F4E3F0A00D5146D /* MarketWorker.swift */; };
		6D62036B1F5053F400054A44 /* Portfolio.swift in Sources */ = {isa = PBXBuildFile; fileRef = 6D62036A1F5053F400054A44 /* Portfolio.swift */; };
		6D6203731F509EFD00054A44 /* ShowPortfolioInteractor.swift in Sources */ = {isa = PBXBuildFile; fileRef = 6D62036D1F509EFD00054A44 /* ShowPortfolioInteractor.swift */; };
		6D6203741F509EFD00054A44 /* ShowPortfolioModels.swift in Sources */ = {isa = PBXBuildFile; fileRef = 6D62036E1F509EFD00054A44 /* ShowPortfolioModels.swift */; };
		6D6203751F509EFD00054A44 /* ShowPortfolioPresenter.swift in Sources */ = {isa = PBXBuildFile; fileRef = 6D62036F1F509EFD00054A44 /* ShowPortfolioPresenter.swift */; };
		6D6203761F509EFD00054A44 /* ShowPortfolioRouter.swift in Sources */ = {isa = PBXBuildFile; fileRef = 6D6203701F509EFD00054A44 /* ShowPortfolioRouter.swift */; };
		6D6203771F509EFD00054A44 /* ShowPortfolioViewController.swift in Sources */ = {isa = PBXBuildFile; fileRef = 6D6203711F509EFD00054A44 /* ShowPortfolioViewController.swift */; };
		6D6203781F509EFD00054A44 /* ShowPortfolioWorker.swift in Sources */ = {isa = PBXBuildFile; fileRef = 6D6203721F509EFD00054A44 /* ShowPortfolioWorker.swift */; };
		6D62037A1F50A9EB00054A44 /* PortfolioWorker.swift in Sources */ = {isa = PBXBuildFile; fileRef = 6D6203791F50A9EB00054A44 /* PortfolioWorker.swift */; };
		6D62037D1F50AA7500054A44 /* AssetTableViewCell.swift in Sources */ = {isa = PBXBuildFile; fileRef = 6D62037B1F50AA7500054A44 /* AssetTableViewCell.swift */; };
		6D62037E1F50AA7500054A44 /* AssetTableViewCell.xib in Resources */ = {isa = PBXBuildFile; fileRef = 6D62037C1F50AA7500054A44 /* AssetTableViewCell.xib */; };
		6D6203871F51009300054A44 /* AddTransactionInteractor.swift in Sources */ = {isa = PBXBuildFile; fileRef = 6D6203811F51009300054A44 /* AddTransactionInteractor.swift */; };
		6D6203881F51009300054A44 /* AddTransactionModels.swift in Sources */ = {isa = PBXBuildFile; fileRef = 6D6203821F51009300054A44 /* AddTransactionModels.swift */; };
		6D6203891F51009300054A44 /* AddTransactionPresenter.swift in Sources */ = {isa = PBXBuildFile; fileRef = 6D6203831F51009300054A44 /* AddTransactionPresenter.swift */; };
		6D62038A1F51009300054A44 /* AddTransactionRouter.swift in Sources */ = {isa = PBXBuildFile; fileRef = 6D6203841F51009300054A44 /* AddTransactionRouter.swift */; };
		6D62038B1F51009300054A44 /* AddTransactionViewController.swift in Sources */ = {isa = PBXBuildFile; fileRef = 6D6203851F51009300054A44 /* AddTransactionViewController.swift */; };
		6D62038C1F51009300054A44 /* AddTransactionWorker.swift in Sources */ = {isa = PBXBuildFile; fileRef = 6D6203861F51009300054A44 /* AddTransactionWorker.swift */; };
		6D6825ED1F5016DB00A25873 /* ShowCoinInteractor.swift in Sources */ = {isa = PBXBuildFile; fileRef = 6D6825E71F5016DB00A25873 /* ShowCoinInteractor.swift */; };
		6D6825EE1F5016DB00A25873 /* ShowCoinModels.swift in Sources */ = {isa = PBXBuildFile; fileRef = 6D6825E81F5016DB00A25873 /* ShowCoinModels.swift */; };
		6D6825EF1F5016DB00A25873 /* ShowCoinPresenter.swift in Sources */ = {isa = PBXBuildFile; fileRef = 6D6825E91F5016DB00A25873 /* ShowCoinPresenter.swift */; };
		6D6825F01F5016DB00A25873 /* ShowCoinRouter.swift in Sources */ = {isa = PBXBuildFile; fileRef = 6D6825EA1F5016DB00A25873 /* ShowCoinRouter.swift */; };
		6D6825F11F5016DB00A25873 /* ShowCoinViewController.swift in Sources */ = {isa = PBXBuildFile; fileRef = 6D6825EB1F5016DB00A25873 /* ShowCoinViewController.swift */; };
		6D6825F21F5016DB00A25873 /* ShowCoinWorker.swift in Sources */ = {isa = PBXBuildFile; fileRef = 6D6825EC1F5016DB00A25873 /* ShowCoinWorker.swift */; };
		6D6825F41F5027A100A25873 /* Coin.swift in Sources */ = {isa = PBXBuildFile; fileRef = 6D6825F31F5027A100A25873 /* Coin.swift */; };
		6D6825F61F502BA200A25873 /* CoinWorker.swift in Sources */ = {isa = PBXBuildFile; fileRef = 6D6825F51F502BA200A25873 /* CoinWorker.swift */; };
		6D6825F81F502BBE00A25873 /* CryptowatchAPI.swift in Sources */ = {isa = PBXBuildFile; fileRef = 6D6825F71F502BBE00A25873 /* CryptowatchAPI.swift */; };
		E30E86721F75B89B00AC5C2B /* FiatAssetTableViewCell.swift in Sources */ = {isa = PBXBuildFile; fileRef = E30E86701F75B89B00AC5C2B /* FiatAssetTableViewCell.swift */; };
		E30E86731F75B89B00AC5C2B /* FiatAssetTableViewCell.xib in Resources */ = {isa = PBXBuildFile; fileRef = E30E86711F75B89B00AC5C2B /* FiatAssetTableViewCell.xib */; };
		E318527A1FA6A25600546627 /* LoadingView.swift in Sources */ = {isa = PBXBuildFile; fileRef = E31852791FA6A25600546627 /* LoadingView.swift */; };
		E318527D1FA6A26F00546627 /* LoadingView.xib in Resources */ = {isa = PBXBuildFile; fileRef = E318527C1FA6A26F00546627 /* LoadingView.xib */; };
		E318527F1FA6A46600546627 /* LoadingViewController.swift in Sources */ = {isa = PBXBuildFile; fileRef = E318527E1FA6A46600546627 /* LoadingViewController.swift */; };
		E32F3B3D1FA674580060AC00 /* ListPortfoliosInteractor.swift in Sources */ = {isa = PBXBuildFile; fileRef = E32F3B371FA674580060AC00 /* ListPortfoliosInteractor.swift */; };
		E32F3B3E1FA674580060AC00 /* ListPortfoliosModels.swift in Sources */ = {isa = PBXBuildFile; fileRef = E32F3B381FA674580060AC00 /* ListPortfoliosModels.swift */; };
		E32F3B3F1FA674580060AC00 /* ListPortfoliosPresenter.swift in Sources */ = {isa = PBXBuildFile; fileRef = E32F3B391FA674580060AC00 /* ListPortfoliosPresenter.swift */; };
		E32F3B401FA674580060AC00 /* ListPortfoliosRouter.swift in Sources */ = {isa = PBXBuildFile; fileRef = E32F3B3A1FA674580060AC00 /* ListPortfoliosRouter.swift */; };
		E32F3B411FA674580060AC00 /* ListPortfoliosViewController.swift in Sources */ = {isa = PBXBuildFile; fileRef = E32F3B3B1FA674580060AC00 /* ListPortfoliosViewController.swift */; };
		E32F3B421FA674580060AC00 /* ListPortfoliosWorker.swift in Sources */ = {isa = PBXBuildFile; fileRef = E32F3B3C1FA674580060AC00 /* ListPortfoliosWorker.swift */; };
		E32F3B461FA69AA20060AC00 /* PortfolioTableViewCell.swift in Sources */ = {isa = PBXBuildFile; fileRef = E32F3B441FA69AA20060AC00 /* PortfolioTableViewCell.swift */; };
		E32F3B471FA69AA20060AC00 /* PortfolioTableViewCell.xib in Resources */ = {isa = PBXBuildFile; fileRef = E32F3B451FA69AA20060AC00 /* PortfolioTableViewCell.xib */; };
		E33BBC071F91AA6B00D89EE7 /* Empty.xib in Resources */ = {isa = PBXBuildFile; fileRef = E33BBC061F91AA6B00D89EE7 /* Empty.xib */; };
		E34ADD3E1F78CFB6006B1088 /* Exchange.swift in Sources */ = {isa = PBXBuildFile; fileRef = E34ADD3D1F78CFB6006B1088 /* Exchange.swift */; };
		E34ADD401F78CFBC006B1088 /* Pair.swift in Sources */ = {isa = PBXBuildFile; fileRef = E34ADD3F1F78CFBC006B1088 /* Pair.swift */; };
		E34ADD421F78CFCA006B1088 /* Asset.swift in Sources */ = {isa = PBXBuildFile; fileRef = E34ADD411F78CFCA006B1088 /* Asset.swift */; };
		E34ADD441F78CFD2006B1088 /* Transaction.swift in Sources */ = {isa = PBXBuildFile; fileRef = E34ADD431F78CFD2006B1088 /* Transaction.swift */; };
		E34D7B891FAB137800015DC7 /* CodeTimer.swift in Sources */ = {isa = PBXBuildFile; fileRef = E34D7B881FAB137800015DC7 /* CodeTimer.swift */; };
		E35518201F8AF601005DBD9F /* WatchlistTableViewCell.swift in Sources */ = {isa = PBXBuildFile; fileRef = E355181E1F8AF601005DBD9F /* WatchlistTableViewCell.swift */; };
		E35518211F8AF601005DBD9F /* WatchlistTableViewCell.xib in Resources */ = {isa = PBXBuildFile; fileRef = E355181F1F8AF601005DBD9F /* WatchlistTableViewCell.xib */; };
		E36279831FA5B16600CD1939 /* CoinWebsiteViewController.swift in Sources */ = {isa = PBXBuildFile; fileRef = E36279821FA5B16600CD1939 /* CoinWebsiteViewController.swift */; };
		E37950C51F6D056400C3338A /* UsefulExtensions.swift in Sources */ = {isa = PBXBuildFile; fileRef = E37950C41F6D056400C3338A /* UsefulExtensions.swift */; };
		E37AAB6B1F699634001546BD /* QuoteCollectionViewCell.swift in Sources */ = {isa = PBXBuildFile; fileRef = E37AAB691F699634001546BD /* QuoteCollectionViewCell.swift */; };
		E37AAB6C1F699634001546BD /* QuoteCollectionViewCell.xib in Resources */ = {isa = PBXBuildFile; fileRef = E37AAB6A1F699634001546BD /* QuoteCollectionViewCell.xib */; };
		E3856BF0204CACB300FECBD1 /* TransactionTableCell.swift in Sources */ = {isa = PBXBuildFile; fileRef = E3856BEE204CACB300FECBD1 /* TransactionTableCell.swift */; };
		E3856BF1204CACB300FECBD1 /* TransactionTableCell.xib in Resources */ = {isa = PBXBuildFile; fileRef = E3856BEF204CACB300FECBD1 /* TransactionTableCell.xib */; };
		E3856BF5204D21E400FECBD1 /* PortfolioCollectionCell.swift in Sources */ = {isa = PBXBuildFile; fileRef = E3856BF3204D21E400FECBD1 /* PortfolioCollectionCell.swift */; };
		E3856BF6204D21E400FECBD1 /* PortfolioCollectionCell.xib in Resources */ = {isa = PBXBuildFile; fileRef = E3856BF4204D21E400FECBD1 /* PortfolioCollectionCell.xib */; };
		E38689C51F6772E0004E98D7 /* CryptocompareAPI.swift in Sources */ = {isa = PBXBuildFile; fileRef = E38689C41F6772E0004E98D7 /* CryptocompareAPI.swift */; };
		E3A6C6731F83A2F8004FBB9A /* StorageManager.swift in Sources */ = {isa = PBXBuildFile; fileRef = E3A6C6721F83A2F8004FBB9A /* StorageManager.swift */; };
		E3ABCE401FF472BF00D2FE14 /* SharePortfolioInteractor.swift in Sources */ = {isa = PBXBuildFile; fileRef = E3ABCE3A1FF472BE00D2FE14 /* SharePortfolioInteractor.swift */; };
		E3ABCE411FF472BF00D2FE14 /* SharePortfolioModels.swift in Sources */ = {isa = PBXBuildFile; fileRef = E3ABCE3B1FF472BE00D2FE14 /* SharePortfolioModels.swift */; };
		E3ABCE421FF472BF00D2FE14 /* SharePortfolioPresenter.swift in Sources */ = {isa = PBXBuildFile; fileRef = E3ABCE3C1FF472BE00D2FE14 /* SharePortfolioPresenter.swift */; };
		E3ABCE431FF472BF00D2FE14 /* SharePortfolioRouter.swift in Sources */ = {isa = PBXBuildFile; fileRef = E3ABCE3D1FF472BF00D2FE14 /* SharePortfolioRouter.swift */; };
		E3ABCE441FF472BF00D2FE14 /* SharePortfolioViewController.swift in Sources */ = {isa = PBXBuildFile; fileRef = E3ABCE3E1FF472BF00D2FE14 /* SharePortfolioViewController.swift */; };
		E3ABCE451FF472BF00D2FE14 /* SharePortfolioWorker.swift in Sources */ = {isa = PBXBuildFile; fileRef = E3ABCE3F1FF472BF00D2FE14 /* SharePortfolioWorker.swift */; };
		E3B0D35D1F94389700D710E2 /* UIViewExtensions.swift in Sources */ = {isa = PBXBuildFile; fileRef = E3B0D35C1F94389600D710E2 /* UIViewExtensions.swift */; };
		E3B714F51FFB07DD0085DB60 /* ListTransactionsInteractor.swift in Sources */ = {isa = PBXBuildFile; fileRef = E3B714EF1FFB07DD0085DB60 /* ListTransactionsInteractor.swift */; };
		E3B714F61FFB07DD0085DB60 /* ListTransactionsModels.swift in Sources */ = {isa = PBXBuildFile; fileRef = E3B714F01FFB07DD0085DB60 /* ListTransactionsModels.swift */; };
		E3B714F71FFB07DD0085DB60 /* ListTransactionsPresenter.swift in Sources */ = {isa = PBXBuildFile; fileRef = E3B714F11FFB07DD0085DB60 /* ListTransactionsPresenter.swift */; };
		E3B714F81FFB07DD0085DB60 /* ListTransactionsRouter.swift in Sources */ = {isa = PBXBuildFile; fileRef = E3B714F21FFB07DD0085DB60 /* ListTransactionsRouter.swift */; };
		E3B714F91FFB07DD0085DB60 /* ListTransactionsViewController.swift in Sources */ = {isa = PBXBuildFile; fileRef = E3B714F31FFB07DD0085DB60 /* ListTransactionsViewController.swift */; };
		E3B714FA1FFB07DD0085DB60 /* ListTransactionsWorker.swift in Sources */ = {isa = PBXBuildFile; fileRef = E3B714F41FFB07DD0085DB60 /* ListTransactionsWorker.swift */; };
		E3B9A5381FACFF0700311273 /* LoadingTableCell.swift in Sources */ = {isa = PBXBuildFile; fileRef = E3B9A5361FACFF0700311273 /* LoadingTableCell.swift */; };
		E3B9A5391FACFF0700311273 /* LoadingTableCell.xib in Resources */ = {isa = PBXBuildFile; fileRef = E3B9A5371FACFF0700311273 /* LoadingTableCell.xib */; };
		E3B9A5411FAD478700311273 /* AddPortfolioInteractor.swift in Sources */ = {isa = PBXBuildFile; fileRef = E3B9A53B1FAD478700311273 /* AddPortfolioInteractor.swift */; };
		E3B9A5421FAD478700311273 /* AddPortfolioModels.swift in Sources */ = {isa = PBXBuildFile; fileRef = E3B9A53C1FAD478700311273 /* AddPortfolioModels.swift */; };
		E3B9A5431FAD478700311273 /* AddPortfolioPresenter.swift in Sources */ = {isa = PBXBuildFile; fileRef = E3B9A53D1FAD478700311273 /* AddPortfolioPresenter.swift */; };
		E3B9A5441FAD478700311273 /* AddPortfolioRouter.swift in Sources */ = {isa = PBXBuildFile; fileRef = E3B9A53E1FAD478700311273 /* AddPortfolioRouter.swift */; };
		E3B9A5451FAD478700311273 /* AddPortfolioViewController.swift in Sources */ = {isa = PBXBuildFile; fileRef = E3B9A53F1FAD478700311273 /* AddPortfolioViewController.swift */; };
		E3B9A5461FAD478700311273 /* AddPortfolioWorker.swift in Sources */ = {isa = PBXBuildFile; fileRef = E3B9A5401FAD478700311273 /* AddPortfolioWorker.swift */; };
		E3CB098B1FAC7B6E0021BBB0 /* AssetNameCollectionViewCell.swift in Sources */ = {isa = PBXBuildFile; fileRef = E3CB09891FAC7B6E0021BBB0 /* AssetNameCollectionViewCell.swift */; };
		E3CB098C1FAC7B6E0021BBB0 /* AssetNameCollectionViewCell.xib in Resources */ = {isa = PBXBuildFile; fileRef = E3CB098A1FAC7B6E0021BBB0 /* AssetNameCollectionViewCell.xib */; };
		E3D4B93E1F70D7B2005FCDB8 /* TempStorage.xib in Resources */ = {isa = PBXBuildFile; fileRef = E3D4B93D1F70D7B2005FCDB8 /* TempStorage.xib */; };
		E3D9C01C1FF59F0B00E55BCC /* EmptyTableViewCell.swift in Sources */ = {isa = PBXBuildFile; fileRef = E3D9C01A1FF59F0B00E55BCC /* EmptyTableViewCell.swift */; };
		E3D9C01D1FF59F0B00E55BCC /* EmptyTableViewCell.xib in Resources */ = {isa = PBXBuildFile; fileRef = E3D9C01B1FF59F0B00E55BCC /* EmptyTableViewCell.xib */; };
		E3F3238B1F5DC236000B1CE1 /* ShowAccountInteractor.swift in Sources */ = {isa = PBXBuildFile; fileRef = E3F323851F5DC236000B1CE1 /* ShowAccountInteractor.swift */; };
		E3F3238C1F5DC236000B1CE1 /* ShowAccountModels.swift in Sources */ = {isa = PBXBuildFile; fileRef = E3F323861F5DC236000B1CE1 /* ShowAccountModels.swift */; };
		E3F3238D1F5DC236000B1CE1 /* ShowAccountPresenter.swift in Sources */ = {isa = PBXBuildFile; fileRef = E3F323871F5DC236000B1CE1 /* ShowAccountPresenter.swift */; };
		E3F3238E1F5DC236000B1CE1 /* ShowAccountRouter.swift in Sources */ = {isa = PBXBuildFile; fileRef = E3F323881F5DC236000B1CE1 /* ShowAccountRouter.swift */; };
		E3F3238F1F5DC236000B1CE1 /* ShowAccountViewController.swift in Sources */ = {isa = PBXBuildFile; fileRef = E3F323891F5DC236000B1CE1 /* ShowAccountViewController.swift */; };
		E3F323901F5DC236000B1CE1 /* ShowAccountWorker.swift in Sources */ = {isa = PBXBuildFile; fileRef = E3F3238A1F5DC236000B1CE1 /* ShowAccountWorker.swift */; };
		F05A8115F1442C1314C6702C /* Pods_CryptoTrackerTests.framework in Frameworks */ = {isa = PBXBuildFile; fileRef = F25356B257FDEA6DE14ED735 /* Pods_CryptoTrackerTests.framework */; };
/* End PBXBuildFile section */

/* Begin PBXContainerItemProxy section */
		6D0ED8D41F4CE0A700D5146D /* PBXContainerItemProxy */ = {
			isa = PBXContainerItemProxy;
			containerPortal = 6D0ED8B71F4CE0A700D5146D /* Project object */;
			proxyType = 1;
			remoteGlobalIDString = 6D0ED8BE1F4CE0A700D5146D;
			remoteInfo = CryptoTracker;
		};
		6D0ED8DF1F4CE0A700D5146D /* PBXContainerItemProxy */ = {
			isa = PBXContainerItemProxy;
			containerPortal = 6D0ED8B71F4CE0A700D5146D /* Project object */;
			proxyType = 1;
			remoteGlobalIDString = 6D0ED8BE1F4CE0A700D5146D;
			remoteInfo = CryptoTracker;
		};
/* End PBXContainerItemProxy section */

/* Begin PBXFileReference section */
		0FFF8BBB9BC5A5273D81ADBC /* Pods-CryptoTracker.release.xcconfig */ = {isa = PBXFileReference; includeInIndex = 1; lastKnownFileType = text.xcconfig; name = "Pods-CryptoTracker.release.xcconfig"; path = "Pods/Target Support Files/Pods-CryptoTracker/Pods-CryptoTracker.release.xcconfig"; sourceTree = "<group>"; };
		1036A78CA0901881DD1B3F2B /* Pods-CryptoTrackerTests.debug.xcconfig */ = {isa = PBXFileReference; includeInIndex = 1; lastKnownFileType = text.xcconfig; name = "Pods-CryptoTrackerTests.debug.xcconfig"; path = "Pods/Target Support Files/Pods-CryptoTrackerTests/Pods-CryptoTrackerTests.debug.xcconfig"; sourceTree = "<group>"; };
		1A129572C15B6CCA62A13385 /* Pods-CryptoTrackerUITests.debug.xcconfig */ = {isa = PBXFileReference; includeInIndex = 1; lastKnownFileType = text.xcconfig; name = "Pods-CryptoTrackerUITests.debug.xcconfig"; path = "Pods/Target Support Files/Pods-CryptoTrackerUITests/Pods-CryptoTrackerUITests.debug.xcconfig"; sourceTree = "<group>"; };
		339AE9C7E58F7F8FCEEF3F37 /* Pods_CryptoTracker.framework */ = {isa = PBXFileReference; explicitFileType = wrapper.framework; includeInIndex = 0; path = Pods_CryptoTracker.framework; sourceTree = BUILT_PRODUCTS_DIR; };
		6D0ED8BF1F4CE0A700D5146D /* CryptoTracker.app */ = {isa = PBXFileReference; explicitFileType = wrapper.application; includeInIndex = 0; path = CryptoTracker.app; sourceTree = BUILT_PRODUCTS_DIR; };
		6D0ED8C21F4CE0A700D5146D /* AppDelegate.swift */ = {isa = PBXFileReference; lastKnownFileType = sourcecode.swift; path = AppDelegate.swift; sourceTree = "<group>"; };
		6D0ED8C41F4CE0A700D5146D /* ViewController.swift */ = {isa = PBXFileReference; lastKnownFileType = sourcecode.swift; path = ViewController.swift; sourceTree = "<group>"; };
		6D0ED8C71F4CE0A700D5146D /* Base */ = {isa = PBXFileReference; lastKnownFileType = file.storyboard; name = Base; path = Base.lproj/Main.storyboard; sourceTree = "<group>"; };
		6D0ED8C91F4CE0A700D5146D /* Assets.xcassets */ = {isa = PBXFileReference; lastKnownFileType = folder.assetcatalog; path = Assets.xcassets; sourceTree = "<group>"; };
		6D0ED8CC1F4CE0A700D5146D /* Base */ = {isa = PBXFileReference; lastKnownFileType = file.storyboard; name = Base; path = Base.lproj/LaunchScreen.storyboard; sourceTree = "<group>"; };
		6D0ED8CE1F4CE0A700D5146D /* Info.plist */ = {isa = PBXFileReference; lastKnownFileType = text.plist.xml; path = Info.plist; sourceTree = "<group>"; };
		6D0ED8D31F4CE0A700D5146D /* CryptoTrackerTests.xctest */ = {isa = PBXFileReference; explicitFileType = wrapper.cfbundle; includeInIndex = 0; path = CryptoTrackerTests.xctest; sourceTree = BUILT_PRODUCTS_DIR; };
		6D0ED8D71F4CE0A700D5146D /* CryptoTrackerTests.swift */ = {isa = PBXFileReference; lastKnownFileType = sourcecode.swift; path = CryptoTrackerTests.swift; sourceTree = "<group>"; };
		6D0ED8D91F4CE0A700D5146D /* Info.plist */ = {isa = PBXFileReference; lastKnownFileType = text.plist.xml; path = Info.plist; sourceTree = "<group>"; };
		6D0ED8DE1F4CE0A700D5146D /* CryptoTrackerUITests.xctest */ = {isa = PBXFileReference; explicitFileType = wrapper.cfbundle; includeInIndex = 0; path = CryptoTrackerUITests.xctest; sourceTree = BUILT_PRODUCTS_DIR; };
		6D0ED8E21F4CE0A700D5146D /* CryptoTrackerUITests.swift */ = {isa = PBXFileReference; lastKnownFileType = sourcecode.swift; path = CryptoTrackerUITests.swift; sourceTree = "<group>"; };
		6D0ED8E41F4CE0A700D5146D /* Info.plist */ = {isa = PBXFileReference; lastKnownFileType = text.plist.xml; path = Info.plist; sourceTree = "<group>"; };
		6D0ED8F51F4DF94700D5146D /* ListCoinsInteractor.swift */ = {isa = PBXFileReference; fileEncoding = 4; lastKnownFileType = sourcecode.swift; path = ListCoinsInteractor.swift; sourceTree = "<group>"; };
		6D0ED8F61F4DF94700D5146D /* ListCoinsModels.swift */ = {isa = PBXFileReference; fileEncoding = 4; lastKnownFileType = sourcecode.swift; path = ListCoinsModels.swift; sourceTree = "<group>"; };
		6D0ED8F71F4DF94700D5146D /* ListCoinsPresenter.swift */ = {isa = PBXFileReference; fileEncoding = 4; lastKnownFileType = sourcecode.swift; path = ListCoinsPresenter.swift; sourceTree = "<group>"; };
		6D0ED8F81F4DF94700D5146D /* ListCoinsRouter.swift */ = {isa = PBXFileReference; fileEncoding = 4; lastKnownFileType = sourcecode.swift; path = ListCoinsRouter.swift; sourceTree = "<group>"; };
		6D0ED8F91F4DF94700D5146D /* ListCoinsViewController.swift */ = {isa = PBXFileReference; fileEncoding = 4; lastKnownFileType = sourcecode.swift; path = ListCoinsViewController.swift; sourceTree = "<group>"; };
		6D0ED8FA1F4DF94700D5146D /* ListCoinsWorker.swift */ = {isa = PBXFileReference; fileEncoding = 4; lastKnownFileType = sourcecode.swift; path = ListCoinsWorker.swift; sourceTree = "<group>"; };
		6D0ED9011F4E058600D5146D /* CoinTableViewCell.swift */ = {isa = PBXFileReference; fileEncoding = 4; lastKnownFileType = sourcecode.swift; path = CoinTableViewCell.swift; sourceTree = "<group>"; };
		6D0ED9021F4E058600D5146D /* CoinTableViewCell.xib */ = {isa = PBXFileReference; fileEncoding = 4; lastKnownFileType = file.xib; path = CoinTableViewCell.xib; sourceTree = "<group>"; };
		6D0ED9061F4E3EF800D5146D /* CoinMarketCapAPI.swift */ = {isa = PBXFileReference; fileEncoding = 4; lastKnownFileType = sourcecode.swift; path = CoinMarketCapAPI.swift; sourceTree = "<group>"; };
		6D0ED9081F4E3F0A00D5146D /* MarketWorker.swift */ = {isa = PBXFileReference; fileEncoding = 4; lastKnownFileType = sourcecode.swift; path = MarketWorker.swift; sourceTree = "<group>"; };
		6D62036A1F5053F400054A44 /* Portfolio.swift */ = {isa = PBXFileReference; fileEncoding = 4; lastKnownFileType = sourcecode.swift; path = Portfolio.swift; sourceTree = "<group>"; };
		6D62036D1F509EFD00054A44 /* ShowPortfolioInteractor.swift */ = {isa = PBXFileReference; fileEncoding = 4; lastKnownFileType = sourcecode.swift; path = ShowPortfolioInteractor.swift; sourceTree = "<group>"; };
		6D62036E1F509EFD00054A44 /* ShowPortfolioModels.swift */ = {isa = PBXFileReference; fileEncoding = 4; lastKnownFileType = sourcecode.swift; path = ShowPortfolioModels.swift; sourceTree = "<group>"; };
		6D62036F1F509EFD00054A44 /* ShowPortfolioPresenter.swift */ = {isa = PBXFileReference; fileEncoding = 4; lastKnownFileType = sourcecode.swift; path = ShowPortfolioPresenter.swift; sourceTree = "<group>"; };
		6D6203701F509EFD00054A44 /* ShowPortfolioRouter.swift */ = {isa = PBXFileReference; fileEncoding = 4; lastKnownFileType = sourcecode.swift; path = ShowPortfolioRouter.swift; sourceTree = "<group>"; };
		6D6203711F509EFD00054A44 /* ShowPortfolioViewController.swift */ = {isa = PBXFileReference; fileEncoding = 4; lastKnownFileType = sourcecode.swift; path = ShowPortfolioViewController.swift; sourceTree = "<group>"; };
		6D6203721F509EFD00054A44 /* ShowPortfolioWorker.swift */ = {isa = PBXFileReference; fileEncoding = 4; lastKnownFileType = sourcecode.swift; path = ShowPortfolioWorker.swift; sourceTree = "<group>"; };
		6D6203791F50A9EB00054A44 /* PortfolioWorker.swift */ = {isa = PBXFileReference; fileEncoding = 4; lastKnownFileType = sourcecode.swift; path = PortfolioWorker.swift; sourceTree = "<group>"; };
		6D62037B1F50AA7500054A44 /* AssetTableViewCell.swift */ = {isa = PBXFileReference; fileEncoding = 4; lastKnownFileType = sourcecode.swift; path = AssetTableViewCell.swift; sourceTree = "<group>"; };
		6D62037C1F50AA7500054A44 /* AssetTableViewCell.xib */ = {isa = PBXFileReference; fileEncoding = 4; lastKnownFileType = file.xib; path = AssetTableViewCell.xib; sourceTree = "<group>"; };
		6D6203811F51009300054A44 /* AddTransactionInteractor.swift */ = {isa = PBXFileReference; fileEncoding = 4; lastKnownFileType = sourcecode.swift; path = AddTransactionInteractor.swift; sourceTree = "<group>"; };
		6D6203821F51009300054A44 /* AddTransactionModels.swift */ = {isa = PBXFileReference; fileEncoding = 4; lastKnownFileType = sourcecode.swift; path = AddTransactionModels.swift; sourceTree = "<group>"; };
		6D6203831F51009300054A44 /* AddTransactionPresenter.swift */ = {isa = PBXFileReference; fileEncoding = 4; lastKnownFileType = sourcecode.swift; path = AddTransactionPresenter.swift; sourceTree = "<group>"; };
		6D6203841F51009300054A44 /* AddTransactionRouter.swift */ = {isa = PBXFileReference; fileEncoding = 4; lastKnownFileType = sourcecode.swift; path = AddTransactionRouter.swift; sourceTree = "<group>"; };
		6D6203851F51009300054A44 /* AddTransactionViewController.swift */ = {isa = PBXFileReference; fileEncoding = 4; lastKnownFileType = sourcecode.swift; path = AddTransactionViewController.swift; sourceTree = "<group>"; };
		6D6203861F51009300054A44 /* AddTransactionWorker.swift */ = {isa = PBXFileReference; fileEncoding = 4; lastKnownFileType = sourcecode.swift; path = AddTransactionWorker.swift; sourceTree = "<group>"; };
		6D6825E71F5016DB00A25873 /* ShowCoinInteractor.swift */ = {isa = PBXFileReference; fileEncoding = 4; lastKnownFileType = sourcecode.swift; path = ShowCoinInteractor.swift; sourceTree = "<group>"; };
		6D6825E81F5016DB00A25873 /* ShowCoinModels.swift */ = {isa = PBXFileReference; fileEncoding = 4; lastKnownFileType = sourcecode.swift; path = ShowCoinModels.swift; sourceTree = "<group>"; };
		6D6825E91F5016DB00A25873 /* ShowCoinPresenter.swift */ = {isa = PBXFileReference; fileEncoding = 4; lastKnownFileType = sourcecode.swift; path = ShowCoinPresenter.swift; sourceTree = "<group>"; };
		6D6825EA1F5016DB00A25873 /* ShowCoinRouter.swift */ = {isa = PBXFileReference; fileEncoding = 4; lastKnownFileType = sourcecode.swift; path = ShowCoinRouter.swift; sourceTree = "<group>"; };
		6D6825EB1F5016DB00A25873 /* ShowCoinViewController.swift */ = {isa = PBXFileReference; fileEncoding = 4; lastKnownFileType = sourcecode.swift; path = ShowCoinViewController.swift; sourceTree = "<group>"; };
		6D6825EC1F5016DB00A25873 /* ShowCoinWorker.swift */ = {isa = PBXFileReference; fileEncoding = 4; lastKnownFileType = sourcecode.swift; path = ShowCoinWorker.swift; sourceTree = "<group>"; };
		6D6825F31F5027A100A25873 /* Coin.swift */ = {isa = PBXFileReference; fileEncoding = 4; lastKnownFileType = sourcecode.swift; path = Coin.swift; sourceTree = "<group>"; };
		6D6825F51F502BA200A25873 /* CoinWorker.swift */ = {isa = PBXFileReference; fileEncoding = 4; lastKnownFileType = sourcecode.swift; path = CoinWorker.swift; sourceTree = "<group>"; };
		6D6825F71F502BBE00A25873 /* CryptowatchAPI.swift */ = {isa = PBXFileReference; fileEncoding = 4; lastKnownFileType = sourcecode.swift; path = CryptowatchAPI.swift; sourceTree = "<group>"; };
		C2DFC567092D0555DF853086 /* Pods-CryptoTracker.debug.xcconfig */ = {isa = PBXFileReference; includeInIndex = 1; lastKnownFileType = text.xcconfig; name = "Pods-CryptoTracker.debug.xcconfig"; path = "Pods/Target Support Files/Pods-CryptoTracker/Pods-CryptoTracker.debug.xcconfig"; sourceTree = "<group>"; };
		C8BCC6C313A66009E6096456 /* Pods-CryptoTrackerTests.release.xcconfig */ = {isa = PBXFileReference; includeInIndex = 1; lastKnownFileType = text.xcconfig; name = "Pods-CryptoTrackerTests.release.xcconfig"; path = "Pods/Target Support Files/Pods-CryptoTrackerTests/Pods-CryptoTrackerTests.release.xcconfig"; sourceTree = "<group>"; };
		D000E416070A248539B5183C /* Pods-CryptoTrackerUITests.release.xcconfig */ = {isa = PBXFileReference; includeInIndex = 1; lastKnownFileType = text.xcconfig; name = "Pods-CryptoTrackerUITests.release.xcconfig"; path = "Pods/Target Support Files/Pods-CryptoTrackerUITests/Pods-CryptoTrackerUITests.release.xcconfig"; sourceTree = "<group>"; };
		E30E86701F75B89B00AC5C2B /* FiatAssetTableViewCell.swift */ = {isa = PBXFileReference; fileEncoding = 4; lastKnownFileType = sourcecode.swift; path = FiatAssetTableViewCell.swift; sourceTree = "<group>"; };
		E30E86711F75B89B00AC5C2B /* FiatAssetTableViewCell.xib */ = {isa = PBXFileReference; fileEncoding = 4; lastKnownFileType = file.xib; path = FiatAssetTableViewCell.xib; sourceTree = "<group>"; };
		E31852791FA6A25600546627 /* LoadingView.swift */ = {isa = PBXFileReference; lastKnownFileType = sourcecode.swift; path = LoadingView.swift; sourceTree = "<group>"; };
		E318527C1FA6A26F00546627 /* LoadingView.xib */ = {isa = PBXFileReference; lastKnownFileType = file.xib; path = LoadingView.xib; sourceTree = "<group>"; };
		E318527E1FA6A46600546627 /* LoadingViewController.swift */ = {isa = PBXFileReference; lastKnownFileType = sourcecode.swift; path = LoadingViewController.swift; sourceTree = "<group>"; };
		E32F3B371FA674580060AC00 /* ListPortfoliosInteractor.swift */ = {isa = PBXFileReference; lastKnownFileType = sourcecode.swift; path = ListPortfoliosInteractor.swift; sourceTree = "<group>"; };
		E32F3B381FA674580060AC00 /* ListPortfoliosModels.swift */ = {isa = PBXFileReference; lastKnownFileType = sourcecode.swift; path = ListPortfoliosModels.swift; sourceTree = "<group>"; };
		E32F3B391FA674580060AC00 /* ListPortfoliosPresenter.swift */ = {isa = PBXFileReference; lastKnownFileType = sourcecode.swift; path = ListPortfoliosPresenter.swift; sourceTree = "<group>"; };
		E32F3B3A1FA674580060AC00 /* ListPortfoliosRouter.swift */ = {isa = PBXFileReference; lastKnownFileType = sourcecode.swift; path = ListPortfoliosRouter.swift; sourceTree = "<group>"; };
		E32F3B3B1FA674580060AC00 /* ListPortfoliosViewController.swift */ = {isa = PBXFileReference; lastKnownFileType = sourcecode.swift; path = ListPortfoliosViewController.swift; sourceTree = "<group>"; };
		E32F3B3C1FA674580060AC00 /* ListPortfoliosWorker.swift */ = {isa = PBXFileReference; lastKnownFileType = sourcecode.swift; path = ListPortfoliosWorker.swift; sourceTree = "<group>"; };
		E32F3B441FA69AA20060AC00 /* PortfolioTableViewCell.swift */ = {isa = PBXFileReference; lastKnownFileType = sourcecode.swift; path = PortfolioTableViewCell.swift; sourceTree = "<group>"; };
		E32F3B451FA69AA20060AC00 /* PortfolioTableViewCell.xib */ = {isa = PBXFileReference; lastKnownFileType = file.xib; path = PortfolioTableViewCell.xib; sourceTree = "<group>"; };
		E33BBC061F91AA6B00D89EE7 /* Empty.xib */ = {isa = PBXFileReference; lastKnownFileType = file.xib; path = Empty.xib; sourceTree = "<group>"; };
		E34ADD3D1F78CFB6006B1088 /* Exchange.swift */ = {isa = PBXFileReference; lastKnownFileType = sourcecode.swift; path = Exchange.swift; sourceTree = "<group>"; };
		E34ADD3F1F78CFBC006B1088 /* Pair.swift */ = {isa = PBXFileReference; lastKnownFileType = sourcecode.swift; path = Pair.swift; sourceTree = "<group>"; };
		E34ADD411F78CFCA006B1088 /* Asset.swift */ = {isa = PBXFileReference; lastKnownFileType = sourcecode.swift; path = Asset.swift; sourceTree = "<group>"; };
		E34ADD431F78CFD2006B1088 /* Transaction.swift */ = {isa = PBXFileReference; lastKnownFileType = sourcecode.swift; path = Transaction.swift; sourceTree = "<group>"; };
		E34D7B881FAB137800015DC7 /* CodeTimer.swift */ = {isa = PBXFileReference; lastKnownFileType = sourcecode.swift; path = CodeTimer.swift; sourceTree = "<group>"; };
		E355181E1F8AF601005DBD9F /* WatchlistTableViewCell.swift */ = {isa = PBXFileReference; lastKnownFileType = sourcecode.swift; path = WatchlistTableViewCell.swift; sourceTree = "<group>"; };
		E355181F1F8AF601005DBD9F /* WatchlistTableViewCell.xib */ = {isa = PBXFileReference; lastKnownFileType = file.xib; path = WatchlistTableViewCell.xib; sourceTree = "<group>"; };
		E36279821FA5B16600CD1939 /* CoinWebsiteViewController.swift */ = {isa = PBXFileReference; lastKnownFileType = sourcecode.swift; path = CoinWebsiteViewController.swift; sourceTree = "<group>"; };
		E37950C41F6D056400C3338A /* UsefulExtensions.swift */ = {isa = PBXFileReference; fileEncoding = 4; lastKnownFileType = sourcecode.swift; name = UsefulExtensions.swift; path = ../UsefulExtensions.swift; sourceTree = "<group>"; };
		E37AAB691F699634001546BD /* QuoteCollectionViewCell.swift */ = {isa = PBXFileReference; fileEncoding = 4; lastKnownFileType = sourcecode.swift; path = QuoteCollectionViewCell.swift; sourceTree = "<group>"; };
		E37AAB6A1F699634001546BD /* QuoteCollectionViewCell.xib */ = {isa = PBXFileReference; fileEncoding = 4; lastKnownFileType = file.xib; path = QuoteCollectionViewCell.xib; sourceTree = "<group>"; };
		E3856BEE204CACB300FECBD1 /* TransactionTableCell.swift */ = {isa = PBXFileReference; lastKnownFileType = sourcecode.swift; path = TransactionTableCell.swift; sourceTree = "<group>"; };
		E3856BEF204CACB300FECBD1 /* TransactionTableCell.xib */ = {isa = PBXFileReference; lastKnownFileType = file.xib; path = TransactionTableCell.xib; sourceTree = "<group>"; };
		E3856BF3204D21E400FECBD1 /* PortfolioCollectionCell.swift */ = {isa = PBXFileReference; lastKnownFileType = sourcecode.swift; path = PortfolioCollectionCell.swift; sourceTree = "<group>"; };
		E3856BF4204D21E400FECBD1 /* PortfolioCollectionCell.xib */ = {isa = PBXFileReference; lastKnownFileType = file.xib; path = PortfolioCollectionCell.xib; sourceTree = "<group>"; };
		E38689C41F6772E0004E98D7 /* CryptocompareAPI.swift */ = {isa = PBXFileReference; fileEncoding = 4; lastKnownFileType = sourcecode.swift; path = CryptocompareAPI.swift; sourceTree = "<group>"; };
		E3A6C6721F83A2F8004FBB9A /* StorageManager.swift */ = {isa = PBXFileReference; lastKnownFileType = sourcecode.swift; path = StorageManager.swift; sourceTree = "<group>"; };
		E3ABCE3A1FF472BE00D2FE14 /* SharePortfolioInteractor.swift */ = {isa = PBXFileReference; lastKnownFileType = sourcecode.swift; path = SharePortfolioInteractor.swift; sourceTree = "<group>"; };
		E3ABCE3B1FF472BE00D2FE14 /* SharePortfolioModels.swift */ = {isa = PBXFileReference; lastKnownFileType = sourcecode.swift; path = SharePortfolioModels.swift; sourceTree = "<group>"; };
		E3ABCE3C1FF472BE00D2FE14 /* SharePortfolioPresenter.swift */ = {isa = PBXFileReference; lastKnownFileType = sourcecode.swift; path = SharePortfolioPresenter.swift; sourceTree = "<group>"; };
		E3ABCE3D1FF472BF00D2FE14 /* SharePortfolioRouter.swift */ = {isa = PBXFileReference; lastKnownFileType = sourcecode.swift; path = SharePortfolioRouter.swift; sourceTree = "<group>"; };
		E3ABCE3E1FF472BF00D2FE14 /* SharePortfolioViewController.swift */ = {isa = PBXFileReference; lastKnownFileType = sourcecode.swift; path = SharePortfolioViewController.swift; sourceTree = "<group>"; };
		E3ABCE3F1FF472BF00D2FE14 /* SharePortfolioWorker.swift */ = {isa = PBXFileReference; lastKnownFileType = sourcecode.swift; path = SharePortfolioWorker.swift; sourceTree = "<group>"; };
		E3B0D35C1F94389600D710E2 /* UIViewExtensions.swift */ = {isa = PBXFileReference; lastKnownFileType = sourcecode.swift; path = UIViewExtensions.swift; sourceTree = "<group>"; };
		E3B714EF1FFB07DD0085DB60 /* ListTransactionsInteractor.swift */ = {isa = PBXFileReference; lastKnownFileType = sourcecode.swift; path = ListTransactionsInteractor.swift; sourceTree = "<group>"; };
		E3B714F01FFB07DD0085DB60 /* ListTransactionsModels.swift */ = {isa = PBXFileReference; lastKnownFileType = sourcecode.swift; path = ListTransactionsModels.swift; sourceTree = "<group>"; };
		E3B714F11FFB07DD0085DB60 /* ListTransactionsPresenter.swift */ = {isa = PBXFileReference; lastKnownFileType = sourcecode.swift; path = ListTransactionsPresenter.swift; sourceTree = "<group>"; };
		E3B714F21FFB07DD0085DB60 /* ListTransactionsRouter.swift */ = {isa = PBXFileReference; lastKnownFileType = sourcecode.swift; path = ListTransactionsRouter.swift; sourceTree = "<group>"; };
		E3B714F31FFB07DD0085DB60 /* ListTransactionsViewController.swift */ = {isa = PBXFileReference; lastKnownFileType = sourcecode.swift; path = ListTransactionsViewController.swift; sourceTree = "<group>"; };
		E3B714F41FFB07DD0085DB60 /* ListTransactionsWorker.swift */ = {isa = PBXFileReference; lastKnownFileType = sourcecode.swift; path = ListTransactionsWorker.swift; sourceTree = "<group>"; };
		E3B9A5361FACFF0700311273 /* LoadingTableCell.swift */ = {isa = PBXFileReference; lastKnownFileType = sourcecode.swift; path = LoadingTableCell.swift; sourceTree = "<group>"; };
		E3B9A5371FACFF0700311273 /* LoadingTableCell.xib */ = {isa = PBXFileReference; lastKnownFileType = file.xib; path = LoadingTableCell.xib; sourceTree = "<group>"; };
		E3B9A53B1FAD478700311273 /* AddPortfolioInteractor.swift */ = {isa = PBXFileReference; lastKnownFileType = sourcecode.swift; path = AddPortfolioInteractor.swift; sourceTree = "<group>"; };
		E3B9A53C1FAD478700311273 /* AddPortfolioModels.swift */ = {isa = PBXFileReference; lastKnownFileType = sourcecode.swift; path = AddPortfolioModels.swift; sourceTree = "<group>"; };
		E3B9A53D1FAD478700311273 /* AddPortfolioPresenter.swift */ = {isa = PBXFileReference; lastKnownFileType = sourcecode.swift; path = AddPortfolioPresenter.swift; sourceTree = "<group>"; };
		E3B9A53E1FAD478700311273 /* AddPortfolioRouter.swift */ = {isa = PBXFileReference; lastKnownFileType = sourcecode.swift; path = AddPortfolioRouter.swift; sourceTree = "<group>"; };
		E3B9A53F1FAD478700311273 /* AddPortfolioViewController.swift */ = {isa = PBXFileReference; lastKnownFileType = sourcecode.swift; path = AddPortfolioViewController.swift; sourceTree = "<group>"; };
		E3B9A5401FAD478700311273 /* AddPortfolioWorker.swift */ = {isa = PBXFileReference; lastKnownFileType = sourcecode.swift; path = AddPortfolioWorker.swift; sourceTree = "<group>"; };
		E3CB09891FAC7B6E0021BBB0 /* AssetNameCollectionViewCell.swift */ = {isa = PBXFileReference; lastKnownFileType = sourcecode.swift; path = AssetNameCollectionViewCell.swift; sourceTree = "<group>"; };
		E3CB098A1FAC7B6E0021BBB0 /* AssetNameCollectionViewCell.xib */ = {isa = PBXFileReference; lastKnownFileType = file.xib; path = AssetNameCollectionViewCell.xib; sourceTree = "<group>"; };
		E3D4B93D1F70D7B2005FCDB8 /* TempStorage.xib */ = {isa = PBXFileReference; fileEncoding = 4; lastKnownFileType = file.xib; path = TempStorage.xib; sourceTree = "<group>"; };
		E3D9C01A1FF59F0B00E55BCC /* EmptyTableViewCell.swift */ = {isa = PBXFileReference; lastKnownFileType = sourcecode.swift; path = EmptyTableViewCell.swift; sourceTree = "<group>"; };
		E3D9C01B1FF59F0B00E55BCC /* EmptyTableViewCell.xib */ = {isa = PBXFileReference; lastKnownFileType = file.xib; path = EmptyTableViewCell.xib; sourceTree = "<group>"; };
		E3F323851F5DC236000B1CE1 /* ShowAccountInteractor.swift */ = {isa = PBXFileReference; fileEncoding = 4; lastKnownFileType = sourcecode.swift; path = ShowAccountInteractor.swift; sourceTree = "<group>"; };
		E3F323861F5DC236000B1CE1 /* ShowAccountModels.swift */ = {isa = PBXFileReference; fileEncoding = 4; lastKnownFileType = sourcecode.swift; path = ShowAccountModels.swift; sourceTree = "<group>"; };
		E3F323871F5DC236000B1CE1 /* ShowAccountPresenter.swift */ = {isa = PBXFileReference; fileEncoding = 4; lastKnownFileType = sourcecode.swift; path = ShowAccountPresenter.swift; sourceTree = "<group>"; };
		E3F323881F5DC236000B1CE1 /* ShowAccountRouter.swift */ = {isa = PBXFileReference; fileEncoding = 4; lastKnownFileType = sourcecode.swift; path = ShowAccountRouter.swift; sourceTree = "<group>"; };
		E3F323891F5DC236000B1CE1 /* ShowAccountViewController.swift */ = {isa = PBXFileReference; fileEncoding = 4; lastKnownFileType = sourcecode.swift; path = ShowAccountViewController.swift; sourceTree = "<group>"; };
		E3F3238A1F5DC236000B1CE1 /* ShowAccountWorker.swift */ = {isa = PBXFileReference; fileEncoding = 4; lastKnownFileType = sourcecode.swift; path = ShowAccountWorker.swift; sourceTree = "<group>"; };
		F25356B257FDEA6DE14ED735 /* Pods_CryptoTrackerTests.framework */ = {isa = PBXFileReference; explicitFileType = wrapper.framework; includeInIndex = 0; path = Pods_CryptoTrackerTests.framework; sourceTree = BUILT_PRODUCTS_DIR; };
		F773CDE7038C1272430352C4 /* Pods_CryptoTrackerUITests.framework */ = {isa = PBXFileReference; explicitFileType = wrapper.framework; includeInIndex = 0; path = Pods_CryptoTrackerUITests.framework; sourceTree = BUILT_PRODUCTS_DIR; };
/* End PBXFileReference section */

/* Begin PBXFrameworksBuildPhase section */
		6D0ED8BC1F4CE0A700D5146D /* Frameworks */ = {
			isa = PBXFrameworksBuildPhase;
			buildActionMask = 2147483647;
			files = (
				2049DEEBD4874426E8365CBD /* Pods_CryptoTracker.framework in Frameworks */,
			);
			runOnlyForDeploymentPostprocessing = 0;
		};
		6D0ED8D01F4CE0A700D5146D /* Frameworks */ = {
			isa = PBXFrameworksBuildPhase;
			buildActionMask = 2147483647;
			files = (
				F05A8115F1442C1314C6702C /* Pods_CryptoTrackerTests.framework in Frameworks */,
			);
			runOnlyForDeploymentPostprocessing = 0;
		};
		6D0ED8DB1F4CE0A700D5146D /* Frameworks */ = {
			isa = PBXFrameworksBuildPhase;
			buildActionMask = 2147483647;
			files = (
				27734612B5AE337D2D2604F7 /* Pods_CryptoTrackerUITests.framework in Frameworks */,
			);
			runOnlyForDeploymentPostprocessing = 0;
		};
/* End PBXFrameworksBuildPhase section */

/* Begin PBXGroup section */
		5733DFD26874979BE45C0C38 /* Frameworks */ = {
			isa = PBXGroup;
			children = (
				339AE9C7E58F7F8FCEEF3F37 /* Pods_CryptoTracker.framework */,
				F25356B257FDEA6DE14ED735 /* Pods_CryptoTrackerTests.framework */,
				F773CDE7038C1272430352C4 /* Pods_CryptoTrackerUITests.framework */,
			);
			name = Frameworks;
			sourceTree = "<group>";
		};
		57B56F9B15792E038E784BFB /* Pods */ = {
			isa = PBXGroup;
			children = (
				C2DFC567092D0555DF853086 /* Pods-CryptoTracker.debug.xcconfig */,
				0FFF8BBB9BC5A5273D81ADBC /* Pods-CryptoTracker.release.xcconfig */,
				1036A78CA0901881DD1B3F2B /* Pods-CryptoTrackerTests.debug.xcconfig */,
				C8BCC6C313A66009E6096456 /* Pods-CryptoTrackerTests.release.xcconfig */,
				1A129572C15B6CCA62A13385 /* Pods-CryptoTrackerUITests.debug.xcconfig */,
				D000E416070A248539B5183C /* Pods-CryptoTrackerUITests.release.xcconfig */,
			);
			name = Pods;
			sourceTree = "<group>";
		};
		6D0ED8B61F4CE0A700D5146D = {
			isa = PBXGroup;
			children = (
				6D0ED8C11F4CE0A700D5146D /* CryptoTracker */,
				6D0ED8D61F4CE0A700D5146D /* CryptoTrackerTests */,
				6D0ED8E11F4CE0A700D5146D /* CryptoTrackerUITests */,
				6D0ED8C01F4CE0A700D5146D /* Products */,
				57B56F9B15792E038E784BFB /* Pods */,
				5733DFD26874979BE45C0C38 /* Frameworks */,
			);
			sourceTree = "<group>";
		};
		6D0ED8C01F4CE0A700D5146D /* Products */ = {
			isa = PBXGroup;
			children = (
				6D0ED8BF1F4CE0A700D5146D /* CryptoTracker.app */,
				6D0ED8D31F4CE0A700D5146D /* CryptoTrackerTests.xctest */,
				6D0ED8DE1F4CE0A700D5146D /* CryptoTrackerUITests.xctest */,
			);
			name = Products;
			sourceTree = "<group>";
		};
		6D0ED8C11F4CE0A700D5146D /* CryptoTracker */ = {
			isa = PBXGroup;
			children = (
				E34D7B881FAB137800015DC7 /* CodeTimer.swift */,
				E318527B1FA6A25B00546627 /* Reusable Views */,
				E3B0D35C1F94389600D710E2 /* UIViewExtensions.swift */,
				E37950C41F6D056400C3338A /* UsefulExtensions.swift */,
				6D0ED8F31F4DF60B00D5146D /* Models */,
				6D0ED8F11F4DF60100D5146D /* Services */,
				6D0ED8F21F4DF60600D5146D /* Workers */,
				6D0ED8F01F4DF5FC00D5146D /* Scenes */,
				6D0ED8C21F4CE0A700D5146D /* AppDelegate.swift */,
				E318527E1FA6A46600546627 /* LoadingViewController.swift */,
				6D0ED8C41F4CE0A700D5146D /* ViewController.swift */,
				6D0ED8C61F4CE0A700D5146D /* Main.storyboard */,
				E33BBC061F91AA6B00D89EE7 /* Empty.xib */,
				6D0ED8C91F4CE0A700D5146D /* Assets.xcassets */,
				6D0ED8CB1F4CE0A700D5146D /* LaunchScreen.storyboard */,
				6D0ED8CE1F4CE0A700D5146D /* Info.plist */,
			);
			path = CryptoTracker;
			sourceTree = "<group>";
		};
		6D0ED8D61F4CE0A700D5146D /* CryptoTrackerTests */ = {
			isa = PBXGroup;
			children = (
				6D0ED8D71F4CE0A700D5146D /* CryptoTrackerTests.swift */,
				6D0ED8D91F4CE0A700D5146D /* Info.plist */,
			);
			path = CryptoTrackerTests;
			sourceTree = "<group>";
		};
		6D0ED8E11F4CE0A700D5146D /* CryptoTrackerUITests */ = {
			isa = PBXGroup;
			children = (
				6D0ED8E21F4CE0A700D5146D /* CryptoTrackerUITests.swift */,
				6D0ED8E41F4CE0A700D5146D /* Info.plist */,
			);
			path = CryptoTrackerUITests;
			sourceTree = "<group>";
		};
		6D0ED8F01F4DF5FC00D5146D /* Scenes */ = {
			isa = PBXGroup;
			children = (
				E3B714EE1FFB07BE0085DB60 /* ListTransactions */,
				E3ABCE391FF4729F00D2FE14 /* SharePortfolio */,
				E3B9A53A1FAD477900311273 /* AddPortfolio */,
				E3F323841F5DC229000B1CE1 /* ShowAccount */,
				E32F3B361FA674400060AC00 /* ListPortfolios */,
				6D62036C1F509EEA00054A44 /* ShowPortfolio */,
				6D6203801F51005600054A44 /* AddTransaction */,
				6D6825E61F50166700A25873 /* ShowCoin */,
				6D0ED8F41F4DF92100D5146D /* ListCoins */,
			);
			name = Scenes;
			sourceTree = "<group>";
		};
		6D0ED8F11F4DF60100D5146D /* Services */ = {
			isa = PBXGroup;
			children = (
				E3A6C6721F83A2F8004FBB9A /* StorageManager.swift */,
				6D0ED9061F4E3EF800D5146D /* CoinMarketCapAPI.swift */,
				6D6825F71F502BBE00A25873 /* CryptowatchAPI.swift */,
				E38689C41F6772E0004E98D7 /* CryptocompareAPI.swift */,
			);
			name = Services;
			sourceTree = "<group>";
		};
		6D0ED8F21F4DF60600D5146D /* Workers */ = {
			isa = PBXGroup;
			children = (
				6D6203791F50A9EB00054A44 /* PortfolioWorker.swift */,
				6D0ED9081F4E3F0A00D5146D /* MarketWorker.swift */,
				6D6825F51F502BA200A25873 /* CoinWorker.swift */,
			);
			name = Workers;
			sourceTree = "<group>";
		};
		6D0ED8F31F4DF60B00D5146D /* Models */ = {
			isa = PBXGroup;
			children = (
				6D6825F31F5027A100A25873 /* Coin.swift */,
				E34ADD3D1F78CFB6006B1088 /* Exchange.swift */,
				E34ADD3F1F78CFBC006B1088 /* Pair.swift */,
				6D62036A1F5053F400054A44 /* Portfolio.swift */,
				E34ADD411F78CFCA006B1088 /* Asset.swift */,
				E34ADD431F78CFD2006B1088 /* Transaction.swift */,
			);
			name = Models;
			sourceTree = "<group>";
		};
		6D0ED8F41F4DF92100D5146D /* ListCoins */ = {
			isa = PBXGroup;
			children = (
				6D0ED9051F4E058900D5146D /* Cells */,
				6D0ED8F91F4DF94700D5146D /* ListCoinsViewController.swift */,
				6D0ED8F51F4DF94700D5146D /* ListCoinsInteractor.swift */,
				6D0ED8F71F4DF94700D5146D /* ListCoinsPresenter.swift */,
				6D0ED8F61F4DF94700D5146D /* ListCoinsModels.swift */,
				6D0ED8F81F4DF94700D5146D /* ListCoinsRouter.swift */,
				6D0ED8FA1F4DF94700D5146D /* ListCoinsWorker.swift */,
			);
			name = ListCoins;
			sourceTree = "<group>";
		};
		6D0ED9051F4E058900D5146D /* Cells */ = {
			isa = PBXGroup;
			children = (
				6D0ED9011F4E058600D5146D /* CoinTableViewCell.swift */,
				6D0ED9021F4E058600D5146D /* CoinTableViewCell.xib */,
			);
			name = Cells;
			sourceTree = "<group>";
		};
		6D62036C1F509EEA00054A44 /* ShowPortfolio */ = {
			isa = PBXGroup;
			children = (
				6D62037F1F50AA7900054A44 /* Cells */,
				6D6203711F509EFD00054A44 /* ShowPortfolioViewController.swift */,
				6D62036D1F509EFD00054A44 /* ShowPortfolioInteractor.swift */,
				6D62036F1F509EFD00054A44 /* ShowPortfolioPresenter.swift */,
				6D62036E1F509EFD00054A44 /* ShowPortfolioModels.swift */,
				6D6203701F509EFD00054A44 /* ShowPortfolioRouter.swift */,
				6D6203721F509EFD00054A44 /* ShowPortfolioWorker.swift */,
			);
			name = ShowPortfolio;
			sourceTree = "<group>";
		};
		6D62037F1F50AA7900054A44 /* Cells */ = {
			isa = PBXGroup;
			children = (
				E355181E1F8AF601005DBD9F /* WatchlistTableViewCell.swift */,
				E355181F1F8AF601005DBD9F /* WatchlistTableViewCell.xib */,
				E30E86701F75B89B00AC5C2B /* FiatAssetTableViewCell.swift */,
				E30E86711F75B89B00AC5C2B /* FiatAssetTableViewCell.xib */,
				6D62037B1F50AA7500054A44 /* AssetTableViewCell.swift */,
				6D62037C1F50AA7500054A44 /* AssetTableViewCell.xib */,
				E3D4B93D1F70D7B2005FCDB8 /* TempStorage.xib */,
				E3B9A5361FACFF0700311273 /* LoadingTableCell.swift */,
				E3B9A5371FACFF0700311273 /* LoadingTableCell.xib */,
				E3D9C01A1FF59F0B00E55BCC /* EmptyTableViewCell.swift */,
				E3D9C01B1FF59F0B00E55BCC /* EmptyTableViewCell.xib */,
			);
			name = Cells;
			sourceTree = "<group>";
		};
		6D6203801F51005600054A44 /* AddTransaction */ = {
			isa = PBXGroup;
			children = (
				6D6203851F51009300054A44 /* AddTransactionViewController.swift */,
				6D6203811F51009300054A44 /* AddTransactionInteractor.swift */,
				6D6203831F51009300054A44 /* AddTransactionPresenter.swift */,
				6D6203821F51009300054A44 /* AddTransactionModels.swift */,
				6D6203841F51009300054A44 /* AddTransactionRouter.swift */,
				6D6203861F51009300054A44 /* AddTransactionWorker.swift */,
			);
			name = AddTransaction;
			sourceTree = "<group>";
		};
		6D6825E61F50166700A25873 /* ShowCoin */ = {
			isa = PBXGroup;
			children = (
				E37AAB6D1F699637001546BD /* Cells */,
				6D6825EB1F5016DB00A25873 /* ShowCoinViewController.swift */,
				E36279821FA5B16600CD1939 /* CoinWebsiteViewController.swift */,
				6D6825E71F5016DB00A25873 /* ShowCoinInteractor.swift */,
				6D6825E91F5016DB00A25873 /* ShowCoinPresenter.swift */,
				6D6825E81F5016DB00A25873 /* ShowCoinModels.swift */,
				6D6825EA1F5016DB00A25873 /* ShowCoinRouter.swift */,
				6D6825EC1F5016DB00A25873 /* ShowCoinWorker.swift */,
			);
			name = ShowCoin;
			sourceTree = "<group>";
		};
		E318527B1FA6A25B00546627 /* Reusable Views */ = {
			isa = PBXGroup;
			children = (
				E31852791FA6A25600546627 /* LoadingView.swift */,
				E318527C1FA6A26F00546627 /* LoadingView.xib */,
			);
			name = "Reusable Views";
			sourceTree = "<group>";
		};
		E32F3B361FA674400060AC00 /* ListPortfolios */ = {
			isa = PBXGroup;
			children = (
				E3856BF2204D21CD00FECBD1 /* CollectionViewCells */,
				E32F3B431FA693E10060AC00 /* Cells */,
				E32F3B3B1FA674580060AC00 /* ListPortfoliosViewController.swift */,
				E32F3B371FA674580060AC00 /* ListPortfoliosInteractor.swift */,
				E32F3B391FA674580060AC00 /* ListPortfoliosPresenter.swift */,
				E32F3B381FA674580060AC00 /* ListPortfoliosModels.swift */,
				E32F3B3A1FA674580060AC00 /* ListPortfoliosRouter.swift */,
				E32F3B3C1FA674580060AC00 /* ListPortfoliosWorker.swift */,
			);
			name = ListPortfolios;
			sourceTree = "<group>";
		};
		E32F3B431FA693E10060AC00 /* Cells */ = {
			isa = PBXGroup;
			children = (
				E32F3B441FA69AA20060AC00 /* PortfolioTableViewCell.swift */,
				E32F3B451FA69AA20060AC00 /* PortfolioTableViewCell.xib */,
				E3CB09891FAC7B6E0021BBB0 /* AssetNameCollectionViewCell.swift */,
				E3CB098A1FAC7B6E0021BBB0 /* AssetNameCollectionViewCell.xib */,
			);
			name = Cells;
			sourceTree = "<group>";
		};
		E37AAB6D1F699637001546BD /* Cells */ = {
			isa = PBXGroup;
			children = (
				E37AAB691F699634001546BD /* QuoteCollectionViewCell.swift */,
				E37AAB6A1F699634001546BD /* QuoteCollectionViewCell.xib */,
			);
			name = Cells;
			sourceTree = "<group>";
		};
		E3856BED204CAC9A00FECBD1 /* TableViewCells */ = {
			isa = PBXGroup;
			children = (
				E3856BEE204CACB300FECBD1 /* TransactionTableCell.swift */,
				E3856BEF204CACB300FECBD1 /* TransactionTableCell.xib */,
			);
			name = TableViewCells;
			sourceTree = "<group>";
		};
		E3856BF2204D21CD00FECBD1 /* CollectionViewCells */ = {
			isa = PBXGroup;
			children = (
				E3856BF3204D21E400FECBD1 /* PortfolioCollectionCell.swift */,
				E3856BF4204D21E400FECBD1 /* PortfolioCollectionCell.xib */,
			);
			name = CollectionViewCells;
			sourceTree = "<group>";
		};
		E3ABCE391FF4729F00D2FE14 /* SharePortfolio */ = {
			isa = PBXGroup;
			children = (
				E3ABCE3E1FF472BF00D2FE14 /* SharePortfolioViewController.swift */,
				E3ABCE3A1FF472BE00D2FE14 /* SharePortfolioInteractor.swift */,
				E3ABCE3C1FF472BE00D2FE14 /* SharePortfolioPresenter.swift */,
				E3ABCE3B1FF472BE00D2FE14 /* SharePortfolioModels.swift */,
				E3ABCE3D1FF472BF00D2FE14 /* SharePortfolioRouter.swift */,
				E3ABCE3F1FF472BF00D2FE14 /* SharePortfolioWorker.swift */,
			);
			name = SharePortfolio;
			sourceTree = "<group>";
		};
		E3B714EE1FFB07BE0085DB60 /* ListTransactions */ = {
			isa = PBXGroup;
			children = (
				E3856BED204CAC9A00FECBD1 /* TableViewCells */,
				E3B714F31FFB07DD0085DB60 /* ListTransactionsViewController.swift */,
				E3B714EF1FFB07DD0085DB60 /* ListTransactionsInteractor.swift */,
				E3B714F11FFB07DD0085DB60 /* ListTransactionsPresenter.swift */,
				E3B714F01FFB07DD0085DB60 /* ListTransactionsModels.swift */,
				E3B714F21FFB07DD0085DB60 /* ListTransactionsRouter.swift */,
				E3B714F41FFB07DD0085DB60 /* ListTransactionsWorker.swift */,
			);
			name = ListTransactions;
			sourceTree = "<group>";
		};
		E3B9A53A1FAD477900311273 /* AddPortfolio */ = {
			isa = PBXGroup;
			children = (
				E3B9A53F1FAD478700311273 /* AddPortfolioViewController.swift */,
				E3B9A53B1FAD478700311273 /* AddPortfolioInteractor.swift */,
				E3B9A53D1FAD478700311273 /* AddPortfolioPresenter.swift */,
				E3B9A53C1FAD478700311273 /* AddPortfolioModels.swift */,
				E3B9A53E1FAD478700311273 /* AddPortfolioRouter.swift */,
				E3B9A5401FAD478700311273 /* AddPortfolioWorker.swift */,
			);
			name = AddPortfolio;
			sourceTree = "<group>";
		};
		E3F323841F5DC229000B1CE1 /* ShowAccount */ = {
			isa = PBXGroup;
			children = (
				E3F323891F5DC236000B1CE1 /* ShowAccountViewController.swift */,
				E3F323851F5DC236000B1CE1 /* ShowAccountInteractor.swift */,
				E3F323871F5DC236000B1CE1 /* ShowAccountPresenter.swift */,
				E3F323861F5DC236000B1CE1 /* ShowAccountModels.swift */,
				E3F323881F5DC236000B1CE1 /* ShowAccountRouter.swift */,
				E3F3238A1F5DC236000B1CE1 /* ShowAccountWorker.swift */,
			);
			name = ShowAccount;
			sourceTree = "<group>";
		};
/* End PBXGroup section */

/* Begin PBXNativeTarget section */
		6D0ED8BE1F4CE0A700D5146D /* CryptoTracker */ = {
			isa = PBXNativeTarget;
			buildConfigurationList = 6D0ED8E71F4CE0A700D5146D /* Build configuration list for PBXNativeTarget "CryptoTracker" */;
			buildPhases = (
				6343AFF76D471D0DD5FE15D7 /* [CP] Check Pods Manifest.lock */,
				6D0ED8BB1F4CE0A700D5146D /* Sources */,
				6D0ED8BC1F4CE0A700D5146D /* Frameworks */,
				6D0ED8BD1F4CE0A700D5146D /* Resources */,
				D22D72B5467100B58A4A8B87 /* [CP] Embed Pods Frameworks */,
				7A82AE4FDFE92CBA8B2FEE14 /* [CP] Copy Pods Resources */,
			);
			buildRules = (
			);
			dependencies = (
			);
			name = CryptoTracker;
			productName = CryptoTracker;
			productReference = 6D0ED8BF1F4CE0A700D5146D /* CryptoTracker.app */;
			productType = "com.apple.product-type.application";
		};
		6D0ED8D21F4CE0A700D5146D /* CryptoTrackerTests */ = {
			isa = PBXNativeTarget;
			buildConfigurationList = 6D0ED8EA1F4CE0A700D5146D /* Build configuration list for PBXNativeTarget "CryptoTrackerTests" */;
			buildPhases = (
				51FC6C449916BBFF610660D4 /* [CP] Check Pods Manifest.lock */,
				6D0ED8CF1F4CE0A700D5146D /* Sources */,
				6D0ED8D01F4CE0A700D5146D /* Frameworks */,
				6D0ED8D11F4CE0A700D5146D /* Resources */,
				1ED64DB2DBB2847EA973D0A5 /* [CP] Embed Pods Frameworks */,
				F60D5CB3C0E3B03B233C913D /* [CP] Copy Pods Resources */,
			);
			buildRules = (
			);
			dependencies = (
				6D0ED8D51F4CE0A700D5146D /* PBXTargetDependency */,
			);
			name = CryptoTrackerTests;
			productName = CryptoTrackerTests;
			productReference = 6D0ED8D31F4CE0A700D5146D /* CryptoTrackerTests.xctest */;
			productType = "com.apple.product-type.bundle.unit-test";
		};
		6D0ED8DD1F4CE0A700D5146D /* CryptoTrackerUITests */ = {
			isa = PBXNativeTarget;
			buildConfigurationList = 6D0ED8ED1F4CE0A700D5146D /* Build configuration list for PBXNativeTarget "CryptoTrackerUITests" */;
			buildPhases = (
				ADDFB979DD6541544F187047 /* [CP] Check Pods Manifest.lock */,
				6D0ED8DA1F4CE0A700D5146D /* Sources */,
				6D0ED8DB1F4CE0A700D5146D /* Frameworks */,
				6D0ED8DC1F4CE0A700D5146D /* Resources */,
				1FF2C4D0D7CFA45765A264DD /* [CP] Embed Pods Frameworks */,
				068D01EB1199FB0068C3B02A /* [CP] Copy Pods Resources */,
			);
			buildRules = (
			);
			dependencies = (
				6D0ED8E01F4CE0A700D5146D /* PBXTargetDependency */,
			);
			name = CryptoTrackerUITests;
			productName = CryptoTrackerUITests;
			productReference = 6D0ED8DE1F4CE0A700D5146D /* CryptoTrackerUITests.xctest */;
			productType = "com.apple.product-type.bundle.ui-testing";
		};
/* End PBXNativeTarget section */

/* Begin PBXProject section */
		6D0ED8B71F4CE0A700D5146D /* Project object */ = {
			isa = PBXProject;
			attributes = {
				LastSwiftUpdateCheck = 0830;
				LastUpgradeCheck = 0830;
				ORGANIZATIONNAME = zaizencorp;
				TargetAttributes = {
					6D0ED8BE1F4CE0A700D5146D = {
						CreatedOnToolsVersion = 8.3.3;
						DevelopmentTeam = C2R8DUWH2Y;
						ProvisioningStyle = Automatic;
					};
					6D0ED8D21F4CE0A700D5146D = {
						CreatedOnToolsVersion = 8.3.3;
						DevelopmentTeam = C2R8DUWH2Y;
						ProvisioningStyle = Automatic;
						TestTargetID = 6D0ED8BE1F4CE0A700D5146D;
					};
					6D0ED8DD1F4CE0A700D5146D = {
						CreatedOnToolsVersion = 8.3.3;
						DevelopmentTeam = C2R8DUWH2Y;
						ProvisioningStyle = Automatic;
						TestTargetID = 6D0ED8BE1F4CE0A700D5146D;
					};
				};
			};
			buildConfigurationList = 6D0ED8BA1F4CE0A700D5146D /* Build configuration list for PBXProject "CryptoTracker" */;
			compatibilityVersion = "Xcode 3.2";
			developmentRegion = English;
			hasScannedForEncodings = 0;
			knownRegions = (
				en,
				Base,
			);
			mainGroup = 6D0ED8B61F4CE0A700D5146D;
			productRefGroup = 6D0ED8C01F4CE0A700D5146D /* Products */;
			projectDirPath = "";
			projectRoot = "";
			targets = (
				6D0ED8BE1F4CE0A700D5146D /* CryptoTracker */,
				6D0ED8D21F4CE0A700D5146D /* CryptoTrackerTests */,
				6D0ED8DD1F4CE0A700D5146D /* CryptoTrackerUITests */,
			);
		};
/* End PBXProject section */

/* Begin PBXResourcesBuildPhase section */
		6D0ED8BD1F4CE0A700D5146D /* Resources */ = {
			isa = PBXResourcesBuildPhase;
			buildActionMask = 2147483647;
			files = (
				6D62037E1F50AA7500054A44 /* AssetTableViewCell.xib in Resources */,
				6D0ED8CD1F4CE0A700D5146D /* LaunchScreen.storyboard in Resources */,
				E35518211F8AF601005DBD9F /* WatchlistTableViewCell.xib in Resources */,
				E30E86731F75B89B00AC5C2B /* FiatAssetTableViewCell.xib in Resources */,
				6D0ED8CA1F4CE0A700D5146D /* Assets.xcassets in Resources */,
				E33BBC071F91AA6B00D89EE7 /* Empty.xib in Resources */,
				E3856BF6204D21E400FECBD1 /* PortfolioCollectionCell.xib in Resources */,
				E3D9C01D1FF59F0B00E55BCC /* EmptyTableViewCell.xib in Resources */,
				E3856BF1204CACB300FECBD1 /* TransactionTableCell.xib in Resources */,
				E3CB098C1FAC7B6E0021BBB0 /* AssetNameCollectionViewCell.xib in Resources */,
				6D0ED9041F4E058600D5146D /* CoinTableViewCell.xib in Resources */,
				E3D4B93E1F70D7B2005FCDB8 /* TempStorage.xib in Resources */,
				6D0ED8C81F4CE0A700D5146D /* Main.storyboard in Resources */,
				E318527D1FA6A26F00546627 /* LoadingView.xib in Resources */,
				E32F3B471FA69AA20060AC00 /* PortfolioTableViewCell.xib in Resources */,
				E37AAB6C1F699634001546BD /* QuoteCollectionViewCell.xib in Resources */,
				E3B9A5391FACFF0700311273 /* LoadingTableCell.xib in Resources */,
			);
			runOnlyForDeploymentPostprocessing = 0;
		};
		6D0ED8D11F4CE0A700D5146D /* Resources */ = {
			isa = PBXResourcesBuildPhase;
			buildActionMask = 2147483647;
			files = (
			);
			runOnlyForDeploymentPostprocessing = 0;
		};
		6D0ED8DC1F4CE0A700D5146D /* Resources */ = {
			isa = PBXResourcesBuildPhase;
			buildActionMask = 2147483647;
			files = (
			);
			runOnlyForDeploymentPostprocessing = 0;
		};
/* End PBXResourcesBuildPhase section */

/* Begin PBXShellScriptBuildPhase section */
		068D01EB1199FB0068C3B02A /* [CP] Copy Pods Resources */ = {
			isa = PBXShellScriptBuildPhase;
			buildActionMask = 2147483647;
			files = (
			);
			inputPaths = (
			);
			name = "[CP] Copy Pods Resources";
			outputPaths = (
			);
			runOnlyForDeploymentPostprocessing = 0;
			shellPath = /bin/sh;
			shellScript = "\"${SRCROOT}/Pods/Target Support Files/Pods-CryptoTrackerUITests/Pods-CryptoTrackerUITests-resources.sh\"\n";
			showEnvVarsInLog = 0;
		};
		1ED64DB2DBB2847EA973D0A5 /* [CP] Embed Pods Frameworks */ = {
			isa = PBXShellScriptBuildPhase;
			buildActionMask = 2147483647;
			files = (
			);
			inputPaths = (
			);
			name = "[CP] Embed Pods Frameworks";
			outputPaths = (
			);
			runOnlyForDeploymentPostprocessing = 0;
			shellPath = /bin/sh;
			shellScript = "\"${SRCROOT}/Pods/Target Support Files/Pods-CryptoTrackerTests/Pods-CryptoTrackerTests-frameworks.sh\"\n";
			showEnvVarsInLog = 0;
		};
		1FF2C4D0D7CFA45765A264DD /* [CP] Embed Pods Frameworks */ = {
			isa = PBXShellScriptBuildPhase;
			buildActionMask = 2147483647;
			files = (
			);
			inputPaths = (
			);
			name = "[CP] Embed Pods Frameworks";
			outputPaths = (
			);
			runOnlyForDeploymentPostprocessing = 0;
			shellPath = /bin/sh;
			shellScript = "\"${SRCROOT}/Pods/Target Support Files/Pods-CryptoTrackerUITests/Pods-CryptoTrackerUITests-frameworks.sh\"\n";
			showEnvVarsInLog = 0;
		};
		51FC6C449916BBFF610660D4 /* [CP] Check Pods Manifest.lock */ = {
			isa = PBXShellScriptBuildPhase;
			buildActionMask = 2147483647;
			files = (
			);
			inputPaths = (
				"${PODS_PODFILE_DIR_PATH}/Podfile.lock",
				"${PODS_ROOT}/Manifest.lock",
			);
			name = "[CP] Check Pods Manifest.lock";
			outputPaths = (
				"$(DERIVED_FILE_DIR)/Pods-CryptoTrackerTests-checkManifestLockResult.txt",
			);
			runOnlyForDeploymentPostprocessing = 0;
			shellPath = /bin/sh;
			shellScript = "diff \"${PODS_PODFILE_DIR_PATH}/Podfile.lock\" \"${PODS_ROOT}/Manifest.lock\" > /dev/null\nif [ $? != 0 ] ; then\n    # print error to STDERR\n    echo \"error: The sandbox is not in sync with the Podfile.lock. Run 'pod install' or update your CocoaPods installation.\" >&2\n    exit 1\nfi\n# This output is used by Xcode 'outputs' to avoid re-running this script phase.\necho \"SUCCESS\" > \"${SCRIPT_OUTPUT_FILE_0}\"\n";
			showEnvVarsInLog = 0;
		};
		6343AFF76D471D0DD5FE15D7 /* [CP] Check Pods Manifest.lock */ = {
			isa = PBXShellScriptBuildPhase;
			buildActionMask = 2147483647;
			files = (
			);
			inputPaths = (
				"${PODS_PODFILE_DIR_PATH}/Podfile.lock",
				"${PODS_ROOT}/Manifest.lock",
			);
			name = "[CP] Check Pods Manifest.lock";
			outputPaths = (
				"$(DERIVED_FILE_DIR)/Pods-CryptoTracker-checkManifestLockResult.txt",
			);
			runOnlyForDeploymentPostprocessing = 0;
			shellPath = /bin/sh;
			shellScript = "diff \"${PODS_PODFILE_DIR_PATH}/Podfile.lock\" \"${PODS_ROOT}/Manifest.lock\" > /dev/null\nif [ $? != 0 ] ; then\n    # print error to STDERR\n    echo \"error: The sandbox is not in sync with the Podfile.lock. Run 'pod install' or update your CocoaPods installation.\" >&2\n    exit 1\nfi\n# This output is used by Xcode 'outputs' to avoid re-running this script phase.\necho \"SUCCESS\" > \"${SCRIPT_OUTPUT_FILE_0}\"\n";
			showEnvVarsInLog = 0;
		};
		7A82AE4FDFE92CBA8B2FEE14 /* [CP] Copy Pods Resources */ = {
			isa = PBXShellScriptBuildPhase;
			buildActionMask = 2147483647;
			files = (
			);
			inputPaths = (
			);
			name = "[CP] Copy Pods Resources";
			outputPaths = (
			);
			runOnlyForDeploymentPostprocessing = 0;
			shellPath = /bin/sh;
			shellScript = "\"${SRCROOT}/Pods/Target Support Files/Pods-CryptoTracker/Pods-CryptoTracker-resources.sh\"\n";
			showEnvVarsInLog = 0;
		};
		ADDFB979DD6541544F187047 /* [CP] Check Pods Manifest.lock */ = {
			isa = PBXShellScriptBuildPhase;
			buildActionMask = 2147483647;
			files = (
			);
			inputPaths = (
				"${PODS_PODFILE_DIR_PATH}/Podfile.lock",
				"${PODS_ROOT}/Manifest.lock",
			);
			name = "[CP] Check Pods Manifest.lock";
			outputPaths = (
				"$(DERIVED_FILE_DIR)/Pods-CryptoTrackerUITests-checkManifestLockResult.txt",
			);
			runOnlyForDeploymentPostprocessing = 0;
			shellPath = /bin/sh;
			shellScript = "diff \"${PODS_PODFILE_DIR_PATH}/Podfile.lock\" \"${PODS_ROOT}/Manifest.lock\" > /dev/null\nif [ $? != 0 ] ; then\n    # print error to STDERR\n    echo \"error: The sandbox is not in sync with the Podfile.lock. Run 'pod install' or update your CocoaPods installation.\" >&2\n    exit 1\nfi\n# This output is used by Xcode 'outputs' to avoid re-running this script phase.\necho \"SUCCESS\" > \"${SCRIPT_OUTPUT_FILE_0}\"\n";
			showEnvVarsInLog = 0;
		};
		D22D72B5467100B58A4A8B87 /* [CP] Embed Pods Frameworks */ = {
			isa = PBXShellScriptBuildPhase;
			buildActionMask = 2147483647;
			files = (
			);
			inputPaths = (
				"${SRCROOT}/Pods/Target Support Files/Pods-CryptoTracker/Pods-CryptoTracker-frameworks.sh",
				"${BUILT_PRODUCTS_DIR}/Alamofire/Alamofire.framework",
				"${BUILT_PRODUCTS_DIR}/Cereal/Cereal.framework",
				"${BUILT_PRODUCTS_DIR}/Charts/Charts.framework",
				"${BUILT_PRODUCTS_DIR}/Hero/Hero.framework",
				"${BUILT_PRODUCTS_DIR}/Realm/Realm.framework",
				"${BUILT_PRODUCTS_DIR}/RealmSwift/RealmSwift.framework",
				"${BUILT_PRODUCTS_DIR}/SnapKit/SnapKit.framework",
				"${BUILT_PRODUCTS_DIR}/SwiftyJSON/SwiftyJSON.framework",
				"${BUILT_PRODUCTS_DIR}/YIInnerShadowView/YIInnerShadowView.framework",
			);
			name = "[CP] Embed Pods Frameworks";
			outputPaths = (
				"${TARGET_BUILD_DIR}/${FRAMEWORKS_FOLDER_PATH}/Alamofire.framework",
				"${TARGET_BUILD_DIR}/${FRAMEWORKS_FOLDER_PATH}/Cereal.framework",
				"${TARGET_BUILD_DIR}/${FRAMEWORKS_FOLDER_PATH}/Charts.framework",
				"${TARGET_BUILD_DIR}/${FRAMEWORKS_FOLDER_PATH}/Hero.framework",
				"${TARGET_BUILD_DIR}/${FRAMEWORKS_FOLDER_PATH}/Realm.framework",
				"${TARGET_BUILD_DIR}/${FRAMEWORKS_FOLDER_PATH}/RealmSwift.framework",
				"${TARGET_BUILD_DIR}/${FRAMEWORKS_FOLDER_PATH}/SnapKit.framework",
				"${TARGET_BUILD_DIR}/${FRAMEWORKS_FOLDER_PATH}/SwiftyJSON.framework",
				"${TARGET_BUILD_DIR}/${FRAMEWORKS_FOLDER_PATH}/YIInnerShadowView.framework",
			);
			runOnlyForDeploymentPostprocessing = 0;
			shellPath = /bin/sh;
			shellScript = "\"${SRCROOT}/Pods/Target Support Files/Pods-CryptoTracker/Pods-CryptoTracker-frameworks.sh\"\n";
			showEnvVarsInLog = 0;
		};
		F60D5CB3C0E3B03B233C913D /* [CP] Copy Pods Resources */ = {
			isa = PBXShellScriptBuildPhase;
			buildActionMask = 2147483647;
			files = (
			);
			inputPaths = (
			);
			name = "[CP] Copy Pods Resources";
			outputPaths = (
			);
			runOnlyForDeploymentPostprocessing = 0;
			shellPath = /bin/sh;
			shellScript = "\"${SRCROOT}/Pods/Target Support Files/Pods-CryptoTrackerTests/Pods-CryptoTrackerTests-resources.sh\"\n";
			showEnvVarsInLog = 0;
		};
/* End PBXShellScriptBuildPhase section */

/* Begin PBXSourcesBuildPhase section */
		6D0ED8BB1F4CE0A700D5146D /* Sources */ = {
			isa = PBXSourcesBuildPhase;
			buildActionMask = 2147483647;
			files = (
				E3B714F61FFB07DD0085DB60 /* ListTransactionsModels.swift in Sources */,
				E3B9A5451FAD478700311273 /* AddPortfolioViewController.swift in Sources */,
				E3856BF0204CACB300FECBD1 /* TransactionTableCell.swift in Sources */,
				6D6203741F509EFD00054A44 /* ShowPortfolioModels.swift in Sources */,
				6D6203731F509EFD00054A44 /* ShowPortfolioInteractor.swift in Sources */,
				E37950C51F6D056400C3338A /* UsefulExtensions.swift in Sources */,
				6D6825F41F5027A100A25873 /* Coin.swift in Sources */,
				E3ABCE411FF472BF00D2FE14 /* SharePortfolioModels.swift in Sources */,
				E3ABCE401FF472BF00D2FE14 /* SharePortfolioInteractor.swift in Sources */,
				6D62038B1F51009300054A44 /* AddTransactionViewController.swift in Sources */,
				6D62038A1F51009300054A44 /* AddTransactionRouter.swift in Sources */,
				E3ABCE421FF472BF00D2FE14 /* SharePortfolioPresenter.swift in Sources */,
				E34ADD421F78CFCA006B1088 /* Asset.swift in Sources */,
				E34D7B891FAB137800015DC7 /* CodeTimer.swift in Sources */,
				6D6825F11F5016DB00A25873 /* ShowCoinViewController.swift in Sources */,
				6D0ED8FC1F4DF94700D5146D /* ListCoinsModels.swift in Sources */,
				E3F3238F1F5DC236000B1CE1 /* ShowAccountViewController.swift in Sources */,
				6D62036B1F5053F400054A44 /* Portfolio.swift in Sources */,
				E34ADD401F78CFBC006B1088 /* Pair.swift in Sources */,
				E3B9A5411FAD478700311273 /* AddPortfolioInteractor.swift in Sources */,
				6D6203751F509EFD00054A44 /* ShowPortfolioPresenter.swift in Sources */,
				E32F3B3F1FA674580060AC00 /* ListPortfoliosPresenter.swift in Sources */,
				6D6203781F509EFD00054A44 /* ShowPortfolioWorker.swift in Sources */,
				E32F3B411FA674580060AC00 /* ListPortfoliosViewController.swift in Sources */,
				6D0ED8C51F4CE0A700D5146D /* ViewController.swift in Sources */,
				6D6825F01F5016DB00A25873 /* ShowCoinRouter.swift in Sources */,
				E32F3B401FA674580060AC00 /* ListPortfoliosRouter.swift in Sources */,
				6D0ED9001F4DF94700D5146D /* ListCoinsWorker.swift in Sources */,
				6D0ED8FD1F4DF94700D5146D /* ListCoinsPresenter.swift in Sources */,
				E3B9A5381FACFF0700311273 /* LoadingTableCell.swift in Sources */,
				6D6825EF1F5016DB00A25873 /* ShowCoinPresenter.swift in Sources */,
				6D62037D1F50AA7500054A44 /* AssetTableViewCell.swift in Sources */,
				6D62038C1F51009300054A44 /* AddTransactionWorker.swift in Sources */,
				E3B9A5461FAD478700311273 /* AddPortfolioWorker.swift in Sources */,
				E3ABCE451FF472BF00D2FE14 /* SharePortfolioWorker.swift in Sources */,
				6D0ED8FE1F4DF94700D5146D /* ListCoinsRouter.swift in Sources */,
				E318527F1FA6A46600546627 /* LoadingViewController.swift in Sources */,
				6D6825F61F502BA200A25873 /* CoinWorker.swift in Sources */,
				6D0ED8FB1F4DF94700D5146D /* ListCoinsInteractor.swift in Sources */,
				E3B714FA1FFB07DD0085DB60 /* ListTransactionsWorker.swift in Sources */,
				E30E86721F75B89B00AC5C2B /* FiatAssetTableViewCell.swift in Sources */,
				E38689C51F6772E0004E98D7 /* CryptocompareAPI.swift in Sources */,
				E32F3B421FA674580060AC00 /* ListPortfoliosWorker.swift in Sources */,
				E3B714F51FFB07DD0085DB60 /* ListTransactionsInteractor.swift in Sources */,
				6D6203871F51009300054A44 /* AddTransactionInteractor.swift in Sources */,
				E32F3B3E1FA674580060AC00 /* ListPortfoliosModels.swift in Sources */,
				E3A6C6731F83A2F8004FBB9A /* StorageManager.swift in Sources */,
				E3B9A5431FAD478700311273 /* AddPortfolioPresenter.swift in Sources */,
				E3F3238D1F5DC236000B1CE1 /* ShowAccountPresenter.swift in Sources */,
				E34ADD441F78CFD2006B1088 /* Transaction.swift in Sources */,
				E3856BF5204D21E400FECBD1 /* PortfolioCollectionCell.swift in Sources */,
				6D0ED9071F4E3EF800D5146D /* CoinMarketCapAPI.swift in Sources */,
				6D6825F21F5016DB00A25873 /* ShowCoinWorker.swift in Sources */,
				6D6825F81F502BBE00A25873 /* CryptowatchAPI.swift in Sources */,
				6D0ED9031F4E058600D5146D /* CoinTableViewCell.swift in Sources */,
				6D6825ED1F5016DB00A25873 /* ShowCoinInteractor.swift in Sources */,
				E32F3B461FA69AA20060AC00 /* PortfolioTableViewCell.swift in Sources */,
				6D0ED8C31F4CE0A700D5146D /* AppDelegate.swift in Sources */,
				E3B714F71FFB07DD0085DB60 /* ListTransactionsPresenter.swift in Sources */,
				E3CB098B1FAC7B6E0021BBB0 /* AssetNameCollectionViewCell.swift in Sources */,
				E3B714F81FFB07DD0085DB60 /* ListTransactionsRouter.swift in Sources */,
				6D6825EE1F5016DB00A25873 /* ShowCoinModels.swift in Sources */,
				6D6203771F509EFD00054A44 /* ShowPortfolioViewController.swift in Sources */,
				6D62037A1F50A9EB00054A44 /* PortfolioWorker.swift in Sources */,
				6D6203761F509EFD00054A44 /* ShowPortfolioRouter.swift in Sources */,
				E3F3238B1F5DC236000B1CE1 /* ShowAccountInteractor.swift in Sources */,
				E3B9A5441FAD478700311273 /* AddPortfolioRouter.swift in Sources */,
				E3F3238C1F5DC236000B1CE1 /* ShowAccountModels.swift in Sources */,
				E3B0D35D1F94389700D710E2 /* UIViewExtensions.swift in Sources */,
				E3ABCE441FF472BF00D2FE14 /* SharePortfolioViewController.swift in Sources */,
				E37AAB6B1F699634001546BD /* QuoteCollectionViewCell.swift in Sources */,
				E35518201F8AF601005DBD9F /* WatchlistTableViewCell.swift in Sources */,
				6D0ED9091F4E3F0A00D5146D /* MarketWorker.swift in Sources */,
				6D6203881F51009300054A44 /* AddTransactionModels.swift in Sources */,
				E32F3B3D1FA674580060AC00 /* ListPortfoliosInteractor.swift in Sources */,
				E3B714F91FFB07DD0085DB60 /* ListTransactionsViewController.swift in Sources */,
				E318527A1FA6A25600546627 /* LoadingView.swift in Sources */,
				E3B9A5421FAD478700311273 /* AddPortfolioModels.swift in Sources */,
				E3ABCE431FF472BF00D2FE14 /* SharePortfolioRouter.swift in Sources */,
				6D0ED8FF1F4DF94700D5146D /* ListCoinsViewController.swift in Sources */,
				E34ADD3E1F78CFB6006B1088 /* Exchange.swift in Sources */,
				E3F3238E1F5DC236000B1CE1 /* ShowAccountRouter.swift in Sources */,
				E3F323901F5DC236000B1CE1 /* ShowAccountWorker.swift in Sources */,
				E36279831FA5B16600CD1939 /* CoinWebsiteViewController.swift in Sources */,
				6D6203891F51009300054A44 /* AddTransactionPresenter.swift in Sources */,
				E3D9C01C1FF59F0B00E55BCC /* EmptyTableViewCell.swift in Sources */,
			);
			runOnlyForDeploymentPostprocessing = 0;
		};
		6D0ED8CF1F4CE0A700D5146D /* Sources */ = {
			isa = PBXSourcesBuildPhase;
			buildActionMask = 2147483647;
			files = (
				6D0ED8D81F4CE0A700D5146D /* CryptoTrackerTests.swift in Sources */,
			);
			runOnlyForDeploymentPostprocessing = 0;
		};
		6D0ED8DA1F4CE0A700D5146D /* Sources */ = {
			isa = PBXSourcesBuildPhase;
			buildActionMask = 2147483647;
			files = (
				6D0ED8E31F4CE0A700D5146D /* CryptoTrackerUITests.swift in Sources */,
			);
			runOnlyForDeploymentPostprocessing = 0;
		};
/* End PBXSourcesBuildPhase section */

/* Begin PBXTargetDependency section */
		6D0ED8D51F4CE0A700D5146D /* PBXTargetDependency */ = {
			isa = PBXTargetDependency;
			target = 6D0ED8BE1F4CE0A700D5146D /* CryptoTracker */;
			targetProxy = 6D0ED8D41F4CE0A700D5146D /* PBXContainerItemProxy */;
		};
		6D0ED8E01F4CE0A700D5146D /* PBXTargetDependency */ = {
			isa = PBXTargetDependency;
			target = 6D0ED8BE1F4CE0A700D5146D /* CryptoTracker */;
			targetProxy = 6D0ED8DF1F4CE0A700D5146D /* PBXContainerItemProxy */;
		};
/* End PBXTargetDependency section */

/* Begin PBXVariantGroup section */
		6D0ED8C61F4CE0A700D5146D /* Main.storyboard */ = {
			isa = PBXVariantGroup;
			children = (
				6D0ED8C71F4CE0A700D5146D /* Base */,
			);
			name = Main.storyboard;
			sourceTree = "<group>";
		};
		6D0ED8CB1F4CE0A700D5146D /* LaunchScreen.storyboard */ = {
			isa = PBXVariantGroup;
			children = (
				6D0ED8CC1F4CE0A700D5146D /* Base */,
			);
			name = LaunchScreen.storyboard;
			sourceTree = "<group>";
		};
/* End PBXVariantGroup section */

/* Begin XCBuildConfiguration section */
		6D0ED8E51F4CE0A700D5146D /* Debug */ = {
			isa = XCBuildConfiguration;
			buildSettings = {
				ALWAYS_SEARCH_USER_PATHS = NO;
				CLANG_ANALYZER_NONNULL = YES;
				CLANG_ANALYZER_NUMBER_OBJECT_CONVERSION = YES_AGGRESSIVE;
				CLANG_CXX_LANGUAGE_STANDARD = "gnu++0x";
				CLANG_CXX_LIBRARY = "libc++";
				CLANG_ENABLE_MODULES = YES;
				CLANG_ENABLE_OBJC_ARC = YES;
				CLANG_WARN_BOOL_CONVERSION = YES;
				CLANG_WARN_CONSTANT_CONVERSION = YES;
				CLANG_WARN_DIRECT_OBJC_ISA_USAGE = YES_ERROR;
				CLANG_WARN_DOCUMENTATION_COMMENTS = YES;
				CLANG_WARN_EMPTY_BODY = YES;
				CLANG_WARN_ENUM_CONVERSION = YES;
				CLANG_WARN_INFINITE_RECURSION = YES;
				CLANG_WARN_INT_CONVERSION = YES;
				CLANG_WARN_OBJC_ROOT_CLASS = YES_ERROR;
				CLANG_WARN_SUSPICIOUS_MOVE = YES;
				CLANG_WARN_UNREACHABLE_CODE = YES;
				CLANG_WARN__DUPLICATE_METHOD_MATCH = YES;
				"CODE_SIGN_IDENTITY[sdk=iphoneos*]" = "iPhone Developer";
				COPY_PHASE_STRIP = NO;
				DEBUG_INFORMATION_FORMAT = dwarf;
				ENABLE_STRICT_OBJC_MSGSEND = YES;
				ENABLE_TESTABILITY = YES;
				GCC_C_LANGUAGE_STANDARD = gnu99;
				GCC_DYNAMIC_NO_PIC = NO;
				GCC_NO_COMMON_BLOCKS = YES;
				GCC_OPTIMIZATION_LEVEL = 0;
				GCC_PREPROCESSOR_DEFINITIONS = (
					"DEBUG=1",
					"$(inherited)",
				);
				GCC_WARN_64_TO_32_BIT_CONVERSION = YES;
				GCC_WARN_ABOUT_RETURN_TYPE = YES_ERROR;
				GCC_WARN_UNDECLARED_SELECTOR = YES;
				GCC_WARN_UNINITIALIZED_AUTOS = YES_AGGRESSIVE;
				GCC_WARN_UNUSED_FUNCTION = YES;
				GCC_WARN_UNUSED_VARIABLE = YES;
				IPHONEOS_DEPLOYMENT_TARGET = 10.0;
				MTL_ENABLE_DEBUG_INFO = YES;
				ONLY_ACTIVE_ARCH = YES;
				SDKROOT = iphoneos;
				SWIFT_ACTIVE_COMPILATION_CONDITIONS = DEBUG;
				SWIFT_OPTIMIZATION_LEVEL = "-Onone";
			};
			name = Debug;
		};
		6D0ED8E61F4CE0A700D5146D /* Release */ = {
			isa = XCBuildConfiguration;
			buildSettings = {
				ALWAYS_SEARCH_USER_PATHS = NO;
				CLANG_ANALYZER_NONNULL = YES;
				CLANG_ANALYZER_NUMBER_OBJECT_CONVERSION = YES_AGGRESSIVE;
				CLANG_CXX_LANGUAGE_STANDARD = "gnu++0x";
				CLANG_CXX_LIBRARY = "libc++";
				CLANG_ENABLE_MODULES = YES;
				CLANG_ENABLE_OBJC_ARC = YES;
				CLANG_WARN_BOOL_CONVERSION = YES;
				CLANG_WARN_CONSTANT_CONVERSION = YES;
				CLANG_WARN_DIRECT_OBJC_ISA_USAGE = YES_ERROR;
				CLANG_WARN_DOCUMENTATION_COMMENTS = YES;
				CLANG_WARN_EMPTY_BODY = YES;
				CLANG_WARN_ENUM_CONVERSION = YES;
				CLANG_WARN_INFINITE_RECURSION = YES;
				CLANG_WARN_INT_CONVERSION = YES;
				CLANG_WARN_OBJC_ROOT_CLASS = YES_ERROR;
				CLANG_WARN_SUSPICIOUS_MOVE = YES;
				CLANG_WARN_UNREACHABLE_CODE = YES;
				CLANG_WARN__DUPLICATE_METHOD_MATCH = YES;
				"CODE_SIGN_IDENTITY[sdk=iphoneos*]" = "iPhone Developer";
				COPY_PHASE_STRIP = NO;
				DEBUG_INFORMATION_FORMAT = "dwarf-with-dsym";
				ENABLE_NS_ASSERTIONS = NO;
				ENABLE_STRICT_OBJC_MSGSEND = YES;
				GCC_C_LANGUAGE_STANDARD = gnu99;
				GCC_NO_COMMON_BLOCKS = YES;
				GCC_WARN_64_TO_32_BIT_CONVERSION = YES;
				GCC_WARN_ABOUT_RETURN_TYPE = YES_ERROR;
				GCC_WARN_UNDECLARED_SELECTOR = YES;
				GCC_WARN_UNINITIALIZED_AUTOS = YES_AGGRESSIVE;
				GCC_WARN_UNUSED_FUNCTION = YES;
				GCC_WARN_UNUSED_VARIABLE = YES;
				IPHONEOS_DEPLOYMENT_TARGET = 10.0;
				MTL_ENABLE_DEBUG_INFO = NO;
				SDKROOT = iphoneos;
				SWIFT_OPTIMIZATION_LEVEL = "-Owholemodule";
				VALIDATE_PRODUCT = YES;
			};
			name = Release;
		};
		6D0ED8E81F4CE0A700D5146D /* Debug */ = {
			isa = XCBuildConfiguration;
			baseConfigurationReference = C2DFC567092D0555DF853086 /* Pods-CryptoTracker.debug.xcconfig */;
			buildSettings = {
				ASSETCATALOG_COMPILER_APPICON_NAME = AppIcon;
				DEVELOPMENT_TEAM = C2R8DUWH2Y;
				INFOPLIST_FILE = CryptoTracker/Info.plist;
				IPHONEOS_DEPLOYMENT_TARGET = 10.0;
				LD_RUNPATH_SEARCH_PATHS = "$(inherited) @executable_path/Frameworks";
				PRODUCT_BUNDLE_IDENTIFIER = zkcorp.CryptoTracker;
				PRODUCT_NAME = "$(TARGET_NAME)";
				SWIFT_VERSION = 3.0;
			};
			name = Debug;
		};
		6D0ED8E91F4CE0A700D5146D /* Release */ = {
			isa = XCBuildConfiguration;
			baseConfigurationReference = 0FFF8BBB9BC5A5273D81ADBC /* Pods-CryptoTracker.release.xcconfig */;
			buildSettings = {
				ASSETCATALOG_COMPILER_APPICON_NAME = AppIcon;
				DEVELOPMENT_TEAM = C2R8DUWH2Y;
				INFOPLIST_FILE = CryptoTracker/Info.plist;
				IPHONEOS_DEPLOYMENT_TARGET = 10.0;
				LD_RUNPATH_SEARCH_PATHS = "$(inherited) @executable_path/Frameworks";
				PRODUCT_BUNDLE_IDENTIFIER = zkcorp.CryptoTracker;
				PRODUCT_NAME = "$(TARGET_NAME)";
				SWIFT_VERSION = 3.0;
			};
			name = Release;
		};
		6D0ED8EB1F4CE0A700D5146D /* Debug */ = {
			isa = XCBuildConfiguration;
			baseConfigurationReference = 1036A78CA0901881DD1B3F2B /* Pods-CryptoTrackerTests.debug.xcconfig */;
			buildSettings = {
				ALWAYS_EMBED_SWIFT_STANDARD_LIBRARIES = YES;
				BUNDLE_LOADER = "$(TEST_HOST)";
				DEVELOPMENT_TEAM = C2R8DUWH2Y;
				INFOPLIST_FILE = CryptoTrackerTests/Info.plist;
				LD_RUNPATH_SEARCH_PATHS = "$(inherited) @executable_path/Frameworks @loader_path/Frameworks";
				PRODUCT_BUNDLE_IDENTIFIER = zkcorp.CryptoTrackerTests;
				PRODUCT_NAME = "$(TARGET_NAME)";
				SWIFT_VERSION = 3.0;
				TEST_HOST = "$(BUILT_PRODUCTS_DIR)/CryptoTracker.app/CryptoTracker";
			};
			name = Debug;
		};
		6D0ED8EC1F4CE0A700D5146D /* Release */ = {
			isa = XCBuildConfiguration;
			baseConfigurationReference = C8BCC6C313A66009E6096456 /* Pods-CryptoTrackerTests.release.xcconfig */;
			buildSettings = {
				ALWAYS_EMBED_SWIFT_STANDARD_LIBRARIES = YES;
				BUNDLE_LOADER = "$(TEST_HOST)";
				DEVELOPMENT_TEAM = C2R8DUWH2Y;
				INFOPLIST_FILE = CryptoTrackerTests/Info.plist;
				LD_RUNPATH_SEARCH_PATHS = "$(inherited) @executable_path/Frameworks @loader_path/Frameworks";
				PRODUCT_BUNDLE_IDENTIFIER = zkcorp.CryptoTrackerTests;
				PRODUCT_NAME = "$(TARGET_NAME)";
				SWIFT_VERSION = 3.0;
				TEST_HOST = "$(BUILT_PRODUCTS_DIR)/CryptoTracker.app/CryptoTracker";
			};
			name = Release;
		};
		6D0ED8EE1F4CE0A700D5146D /* Debug */ = {
			isa = XCBuildConfiguration;
			baseConfigurationReference = 1A129572C15B6CCA62A13385 /* Pods-CryptoTrackerUITests.debug.xcconfig */;
			buildSettings = {
				ALWAYS_EMBED_SWIFT_STANDARD_LIBRARIES = YES;
				DEVELOPMENT_TEAM = C2R8DUWH2Y;
				INFOPLIST_FILE = CryptoTrackerUITests/Info.plist;
				LD_RUNPATH_SEARCH_PATHS = "$(inherited) @executable_path/Frameworks @loader_path/Frameworks";
				PRODUCT_BUNDLE_IDENTIFIER = zkcorp.CryptoTrackerUITests;
				PRODUCT_NAME = "$(TARGET_NAME)";
				SWIFT_VERSION = 3.0;
				TEST_TARGET_NAME = CryptoTracker;
			};
			name = Debug;
		};
		6D0ED8EF1F4CE0A700D5146D /* Release */ = {
			isa = XCBuildConfiguration;
			baseConfigurationReference = D000E416070A248539B5183C /* Pods-CryptoTrackerUITests.release.xcconfig */;
			buildSettings = {
				ALWAYS_EMBED_SWIFT_STANDARD_LIBRARIES = YES;
				DEVELOPMENT_TEAM = C2R8DUWH2Y;
				INFOPLIST_FILE = CryptoTrackerUITests/Info.plist;
				LD_RUNPATH_SEARCH_PATHS = "$(inherited) @executable_path/Frameworks @loader_path/Frameworks";
				PRODUCT_BUNDLE_IDENTIFIER = zkcorp.CryptoTrackerUITests;
				PRODUCT_NAME = "$(TARGET_NAME)";
				SWIFT_VERSION = 3.0;
				TEST_TARGET_NAME = CryptoTracker;
			};
			name = Release;
		};
/* End XCBuildConfiguration section */

/* Begin XCConfigurationList section */
		6D0ED8BA1F4CE0A700D5146D /* Build configuration list for PBXProject "CryptoTracker" */ = {
			isa = XCConfigurationList;
			buildConfigurations = (
				6D0ED8E51F4CE0A700D5146D /* Debug */,
				6D0ED8E61F4CE0A700D5146D /* Release */,
			);
			defaultConfigurationIsVisible = 0;
			defaultConfigurationName = Release;
		};
		6D0ED8E71F4CE0A700D5146D /* Build configuration list for PBXNativeTarget "CryptoTracker" */ = {
			isa = XCConfigurationList;
			buildConfigurations = (
				6D0ED8E81F4CE0A700D5146D /* Debug */,
				6D0ED8E91F4CE0A700D5146D /* Release */,
			);
			defaultConfigurationIsVisible = 0;
			defaultConfigurationName = Release;
		};
		6D0ED8EA1F4CE0A700D5146D /* Build configuration list for PBXNativeTarget "CryptoTrackerTests" */ = {
			isa = XCConfigurationList;
			buildConfigurations = (
				6D0ED8EB1F4CE0A700D5146D /* Debug */,
				6D0ED8EC1F4CE0A700D5146D /* Release */,
			);
			defaultConfigurationIsVisible = 0;
			defaultConfigurationName = Release;
		};
		6D0ED8ED1F4CE0A700D5146D /* Build configuration list for PBXNativeTarget "CryptoTrackerUITests" */ = {
			isa = XCConfigurationList;
			buildConfigurations = (
				6D0ED8EE1F4CE0A700D5146D /* Debug */,
				6D0ED8EF1F4CE0A700D5146D /* Release */,
			);
			defaultConfigurationIsVisible = 0;
			defaultConfigurationName = Release;
		};
/* End XCConfigurationList section */
	};
	rootObject = 6D0ED8B71F4CE0A700D5146D /* Project object */;
}
